// !$*UTF8*$!
{
	archiveVersion = 1;
	classes = {
	};
	objectVersion = 56;
	objects = {

/* Begin PBXBuildFile section */
		91929AA12B096CC700C68AD2 /* AuthViewModel.swift in Sources */ = {isa = PBXBuildFile; fileRef = 91929AA02B096CC700C68AD2 /* AuthViewModel.swift */; };
		91929AA32B096DEA00C68AD2 /* HTTPError.swift in Sources */ = {isa = PBXBuildFile; fileRef = 91929AA22B096DEA00C68AD2 /* HTTPError.swift */; };
		91929AA52B09754300C68AD2 /* AuthenticationMode.swift in Sources */ = {isa = PBXBuildFile; fileRef = 91929AA42B09754300C68AD2 /* AuthenticationMode.swift */; };
		91929AA72B097E3C00C68AD2 /* OverviewView.swift in Sources */ = {isa = PBXBuildFile; fileRef = 91929AA62B097E3C00C68AD2 /* OverviewView.swift */; };
		91929AA92B0B5E9C00C68AD2 /* Tab.swift in Sources */ = {isa = PBXBuildFile; fileRef = 91929AA82B0B5E9C00C68AD2 /* Tab.swift */; };
		91929AAB2B0B728600C68AD2 /* ProfileRepository.swift in Sources */ = {isa = PBXBuildFile; fileRef = 91929AAA2B0B728600C68AD2 /* ProfileRepository.swift */; };
		91929AAD2B0B929E00C68AD2 /* ProfileViewModel.swift in Sources */ = {isa = PBXBuildFile; fileRef = 91929AAC2B0B929E00C68AD2 /* ProfileViewModel.swift */; };
		91929AAF2B0CCB3A00C68AD2 /* NavigationBar.swift in Sources */ = {isa = PBXBuildFile; fileRef = 91929AAE2B0CCB3A00C68AD2 /* NavigationBar.swift */; };
		91929AB12B0CD1F700C68AD2 /* NavigatorView.swift in Sources */ = {isa = PBXBuildFile; fileRef = 91929AB02B0CD1F700C68AD2 /* NavigatorView.swift */; };
		91929AB32B0CD6D000C68AD2 /* TabViewForNavigationBar.swift in Sources */ = {isa = PBXBuildFile; fileRef = 91929AB22B0CD6D000C68AD2 /* TabViewForNavigationBar.swift */; };
		91D9DF662B0773D000514AF8 /* GoogleService-Info.plist in Resources */ = {isa = PBXBuildFile; fileRef = 91D9DF652B0773D000514AF8 /* GoogleService-Info.plist */; };
		91D9DF6A2B07798B00514AF8 /* FireSettings.swift in Sources */ = {isa = PBXBuildFile; fileRef = 91D9DF692B07798B00514AF8 /* FireSettings.swift */; };
		91D9DF6C2B07859D00514AF8 /* PrimaryButtonView.swift in Sources */ = {isa = PBXBuildFile; fileRef = 91D9DF6B2B07859D00514AF8 /* PrimaryButtonView.swift */; };
		91D9DF6F2B0788E600514AF8 /* OnboardingView2.swift in Sources */ = {isa = PBXBuildFile; fileRef = 91D9DF6E2B0788E600514AF8 /* OnboardingView2.swift */; };
		91D9DF712B07896800514AF8 /* LoginButton.swift in Sources */ = {isa = PBXBuildFile; fileRef = 91D9DF702B07896800514AF8 /* LoginButton.swift */; };
		91D9DF732B078A0600514AF8 /* TitleWithAnimation.swift in Sources */ = {isa = PBXBuildFile; fileRef = 91D9DF722B078A0600514AF8 /* TitleWithAnimation.swift */; };
		91D9DF762B0798F900514AF8 /* Strings.swift in Sources */ = {isa = PBXBuildFile; fileRef = 91D9DF752B0798F900514AF8 /* Strings.swift */; };
		91D9DF782B079AB600514AF8 /* Colors.swift in Sources */ = {isa = PBXBuildFile; fileRef = 91D9DF772B079AB600514AF8 /* Colors.swift */; };
		91D9DF7A2B07B39800514AF8 /* CashCowAnimation.swift in Sources */ = {isa = PBXBuildFile; fileRef = 91D9DF792B07B39800514AF8 /* CashCowAnimation.swift */; };
		91D9DF7C2B07BAA000514AF8 /* LoginView.swift in Sources */ = {isa = PBXBuildFile; fileRef = 91D9DF7B2B07BAA000514AF8 /* LoginView.swift */; };
		91D9DF7E2B07C56400514AF8 /* SelectionAdultView.swift in Sources */ = {isa = PBXBuildFile; fileRef = 91D9DF7D2B07C56400514AF8 /* SelectionAdultView.swift */; };
		91D9DF802B07C7A600514AF8 /* AppIcon.swift in Sources */ = {isa = PBXBuildFile; fileRef = 91D9DF7F2B07C7A600514AF8 /* AppIcon.swift */; };
		91D9DF822B07D38900514AF8 /* OnboardingView3.swift in Sources */ = {isa = PBXBuildFile; fileRef = 91D9DF812B07D38900514AF8 /* OnboardingView3.swift */; };
		91D9DF842B07D6B500514AF8 /* SelectionChildButton.swift in Sources */ = {isa = PBXBuildFile; fileRef = 91D9DF832B07D6B500514AF8 /* SelectionChildButton.swift */; };
		91D9DF862B07DE4F00514AF8 /* SelectionFaceIdAndFingerprintButton.swift in Sources */ = {isa = PBXBuildFile; fileRef = 91D9DF852B07DE4F00514AF8 /* SelectionFaceIdAndFingerprintButton.swift */; };
		91D9DF882B0803A600514AF8 /* SelectionEnterWithCodeButton.swift in Sources */ = {isa = PBXBuildFile; fileRef = 91D9DF872B0803A600514AF8 /* SelectionEnterWithCodeButton.swift */; };
		91D9DF8A2B08062B00514AF8 /* SelectionChoiceOption.swift in Sources */ = {isa = PBXBuildFile; fileRef = 91D9DF892B08062B00514AF8 /* SelectionChoiceOption.swift */; };
		91D9DF8C2B080ABE00514AF8 /* OnboardingView4.swift in Sources */ = {isa = PBXBuildFile; fileRef = 91D9DF8B2B080ABE00514AF8 /* OnboardingView4.swift */; };
		91D9DF912B080CF100514AF8 /* ChoiceOption.swift in Sources */ = {isa = PBXBuildFile; fileRef = 91D9DF902B080CF100514AF8 /* ChoiceOption.swift */; };
		91D9DF932B094EEB00514AF8 /* AuthenticationView.swift in Sources */ = {isa = PBXBuildFile; fileRef = 91D9DF922B094EEB00514AF8 /* AuthenticationView.swift */; };
		91F2B6CC2B064F3D00FA3AC3 /* CashCowApp.swift in Sources */ = {isa = PBXBuildFile; fileRef = 91F2B6CB2B064F3D00FA3AC3 /* CashCowApp.swift */; };
		91F2B6D02B064F3E00FA3AC3 /* Assets.xcassets in Resources */ = {isa = PBXBuildFile; fileRef = 91F2B6CF2B064F3E00FA3AC3 /* Assets.xcassets */; };
		91F2B6D32B064F3E00FA3AC3 /* Preview Assets.xcassets in Resources */ = {isa = PBXBuildFile; fileRef = 91F2B6D22B064F3E00FA3AC3 /* Preview Assets.xcassets */; };
		91F2B6DF2B0650D200FA3AC3 /* AuthManager.swift in Sources */ = {isa = PBXBuildFile; fileRef = 91F2B6DE2B0650D200FA3AC3 /* AuthManager.swift */; };
		91F2B6E42B06537200FA3AC3 /* FirebaseAnalytics in Frameworks */ = {isa = PBXBuildFile; productRef = 91F2B6E32B06537200FA3AC3 /* FirebaseAnalytics */; };
		91F2B6F02B06537200FA3AC3 /* FirebaseAuth in Frameworks */ = {isa = PBXBuildFile; productRef = 91F2B6EF2B06537200FA3AC3 /* FirebaseAuth */; };
		91F2B6F22B06537200FA3AC3 /* FirebaseAuthCombine-Community in Frameworks */ = {isa = PBXBuildFile; productRef = 91F2B6F12B06537200FA3AC3 /* FirebaseAuthCombine-Community */; };
		91F2B6F42B06537200FA3AC3 /* FirebaseCrashlytics in Frameworks */ = {isa = PBXBuildFile; productRef = 91F2B6F32B06537200FA3AC3 /* FirebaseCrashlytics */; };
		91F2B6F62B06537200FA3AC3 /* FirebaseDatabase in Frameworks */ = {isa = PBXBuildFile; productRef = 91F2B6F52B06537200FA3AC3 /* FirebaseDatabase */; };
		91F2B6F82B06537200FA3AC3 /* FirebaseDatabaseSwift in Frameworks */ = {isa = PBXBuildFile; productRef = 91F2B6F72B06537200FA3AC3 /* FirebaseDatabaseSwift */; };
		91F2B6FC2B06537200FA3AC3 /* FirebaseFirestore in Frameworks */ = {isa = PBXBuildFile; productRef = 91F2B6FB2B06537200FA3AC3 /* FirebaseFirestore */; };
		91F2B6FE2B06537200FA3AC3 /* FirebaseFirestoreCombine-Community in Frameworks */ = {isa = PBXBuildFile; productRef = 91F2B6FD2B06537200FA3AC3 /* FirebaseFirestoreCombine-Community */; };
		91F2B7002B06537200FA3AC3 /* FirebaseFirestoreSwift in Frameworks */ = {isa = PBXBuildFile; productRef = 91F2B6FF2B06537200FA3AC3 /* FirebaseFirestoreSwift */; };
		91F2B70F2B065C2F00FA3AC3 /* FireUser.swift in Sources */ = {isa = PBXBuildFile; fileRef = 91F2B70E2B065C2F00FA3AC3 /* FireUser.swift */; };
		91F2B7112B065DBB00FA3AC3 /* FireChild.swift in Sources */ = {isa = PBXBuildFile; fileRef = 91F2B7102B065DBB00FA3AC3 /* FireChild.swift */; };
		91F2B7132B06613B00FA3AC3 /* OnboardingView1.swift in Sources */ = {isa = PBXBuildFile; fileRef = 91F2B7122B06613B00FA3AC3 /* OnboardingView1.swift */; };
		91F2B7162B0661C300FA3AC3 /* TextButtonView.swift in Sources */ = {isa = PBXBuildFile; fileRef = 91F2B7152B0661C300FA3AC3 /* TextButtonView.swift */; };
/* End PBXBuildFile section */

/* Begin PBXFileReference section */
		91929AA02B096CC700C68AD2 /* AuthViewModel.swift */ = {isa = PBXFileReference; lastKnownFileType = sourcecode.swift; path = AuthViewModel.swift; sourceTree = "<group>"; };
		91929AA22B096DEA00C68AD2 /* HTTPError.swift */ = {isa = PBXFileReference; lastKnownFileType = sourcecode.swift; path = HTTPError.swift; sourceTree = "<group>"; };
		91929AA42B09754300C68AD2 /* AuthenticationMode.swift */ = {isa = PBXFileReference; lastKnownFileType = sourcecode.swift; path = AuthenticationMode.swift; sourceTree = "<group>"; };
		91929AA62B097E3C00C68AD2 /* OverviewView.swift */ = {isa = PBXFileReference; lastKnownFileType = sourcecode.swift; path = OverviewView.swift; sourceTree = "<group>"; };
		91929AA82B0B5E9C00C68AD2 /* Tab.swift */ = {isa = PBXFileReference; lastKnownFileType = sourcecode.swift; path = Tab.swift; sourceTree = "<group>"; };
		91929AAA2B0B728600C68AD2 /* ProfileRepository.swift */ = {isa = PBXFileReference; lastKnownFileType = sourcecode.swift; path = ProfileRepository.swift; sourceTree = "<group>"; };
		91929AAC2B0B929E00C68AD2 /* ProfileViewModel.swift */ = {isa = PBXFileReference; lastKnownFileType = sourcecode.swift; path = ProfileViewModel.swift; sourceTree = "<group>"; };
		91929AAE2B0CCB3A00C68AD2 /* NavigationBar.swift */ = {isa = PBXFileReference; lastKnownFileType = sourcecode.swift; path = NavigationBar.swift; sourceTree = "<group>"; };
		91929AB02B0CD1F700C68AD2 /* NavigatorView.swift */ = {isa = PBXFileReference; lastKnownFileType = sourcecode.swift; path = NavigatorView.swift; sourceTree = "<group>"; };
		91929AB22B0CD6D000C68AD2 /* TabViewForNavigationBar.swift */ = {isa = PBXFileReference; lastKnownFileType = sourcecode.swift; path = TabViewForNavigationBar.swift; sourceTree = "<group>"; };
		91D9DF652B0773D000514AF8 /* GoogleService-Info.plist */ = {isa = PBXFileReference; fileEncoding = 4; lastKnownFileType = text.plist.xml; path = "GoogleService-Info.plist"; sourceTree = "<group>"; };
		91D9DF692B07798B00514AF8 /* FireSettings.swift */ = {isa = PBXFileReference; lastKnownFileType = sourcecode.swift; path = FireSettings.swift; sourceTree = "<group>"; };
		91D9DF6B2B07859D00514AF8 /* PrimaryButtonView.swift */ = {isa = PBXFileReference; lastKnownFileType = sourcecode.swift; path = PrimaryButtonView.swift; sourceTree = "<group>"; };
		91D9DF6E2B0788E600514AF8 /* OnboardingView2.swift */ = {isa = PBXFileReference; lastKnownFileType = sourcecode.swift; path = OnboardingView2.swift; sourceTree = "<group>"; };
		91D9DF702B07896800514AF8 /* LoginButton.swift */ = {isa = PBXFileReference; lastKnownFileType = sourcecode.swift; path = LoginButton.swift; sourceTree = "<group>"; };
		91D9DF722B078A0600514AF8 /* TitleWithAnimation.swift */ = {isa = PBXFileReference; lastKnownFileType = sourcecode.swift; path = TitleWithAnimation.swift; sourceTree = "<group>"; };
		91D9DF752B0798F900514AF8 /* Strings.swift */ = {isa = PBXFileReference; lastKnownFileType = sourcecode.swift; path = Strings.swift; sourceTree = "<group>"; };
		91D9DF772B079AB600514AF8 /* Colors.swift */ = {isa = PBXFileReference; lastKnownFileType = sourcecode.swift; path = Colors.swift; sourceTree = "<group>"; };
		91D9DF792B07B39800514AF8 /* CashCowAnimation.swift */ = {isa = PBXFileReference; lastKnownFileType = sourcecode.swift; path = CashCowAnimation.swift; sourceTree = "<group>"; };
		91D9DF7B2B07BAA000514AF8 /* LoginView.swift */ = {isa = PBXFileReference; lastKnownFileType = sourcecode.swift; path = LoginView.swift; sourceTree = "<group>"; };
		91D9DF7D2B07C56400514AF8 /* SelectionAdultView.swift */ = {isa = PBXFileReference; lastKnownFileType = sourcecode.swift; path = SelectionAdultView.swift; sourceTree = "<group>"; };
		91D9DF7F2B07C7A600514AF8 /* AppIcon.swift */ = {isa = PBXFileReference; lastKnownFileType = sourcecode.swift; path = AppIcon.swift; sourceTree = "<group>"; };
		91D9DF812B07D38900514AF8 /* OnboardingView3.swift */ = {isa = PBXFileReference; lastKnownFileType = sourcecode.swift; path = OnboardingView3.swift; sourceTree = "<group>"; };
		91D9DF832B07D6B500514AF8 /* SelectionChildButton.swift */ = {isa = PBXFileReference; lastKnownFileType = sourcecode.swift; path = SelectionChildButton.swift; sourceTree = "<group>"; };
		91D9DF852B07DE4F00514AF8 /* SelectionFaceIdAndFingerprintButton.swift */ = {isa = PBXFileReference; lastKnownFileType = sourcecode.swift; path = SelectionFaceIdAndFingerprintButton.swift; sourceTree = "<group>"; };
		91D9DF872B0803A600514AF8 /* SelectionEnterWithCodeButton.swift */ = {isa = PBXFileReference; lastKnownFileType = sourcecode.swift; path = SelectionEnterWithCodeButton.swift; sourceTree = "<group>"; };
		91D9DF892B08062B00514AF8 /* SelectionChoiceOption.swift */ = {isa = PBXFileReference; lastKnownFileType = sourcecode.swift; path = SelectionChoiceOption.swift; sourceTree = "<group>"; };
		91D9DF8B2B080ABE00514AF8 /* OnboardingView4.swift */ = {isa = PBXFileReference; lastKnownFileType = sourcecode.swift; path = OnboardingView4.swift; sourceTree = "<group>"; };
		91D9DF902B080CF100514AF8 /* ChoiceOption.swift */ = {isa = PBXFileReference; lastKnownFileType = sourcecode.swift; path = ChoiceOption.swift; sourceTree = "<group>"; };
		91D9DF922B094EEB00514AF8 /* AuthenticationView.swift */ = {isa = PBXFileReference; lastKnownFileType = sourcecode.swift; path = AuthenticationView.swift; sourceTree = "<group>"; };
		91F2B6C82B064F3D00FA3AC3 /* CashCow.app */ = {isa = PBXFileReference; explicitFileType = wrapper.application; includeInIndex = 0; path = CashCow.app; sourceTree = BUILT_PRODUCTS_DIR; };
		91F2B6CB2B064F3D00FA3AC3 /* CashCowApp.swift */ = {isa = PBXFileReference; lastKnownFileType = sourcecode.swift; path = CashCowApp.swift; sourceTree = "<group>"; };
		91F2B6CF2B064F3E00FA3AC3 /* Assets.xcassets */ = {isa = PBXFileReference; lastKnownFileType = folder.assetcatalog; path = Assets.xcassets; sourceTree = "<group>"; };
		91F2B6D22B064F3E00FA3AC3 /* Preview Assets.xcassets */ = {isa = PBXFileReference; lastKnownFileType = folder.assetcatalog; path = "Preview Assets.xcassets"; sourceTree = "<group>"; };
		91F2B6DE2B0650D200FA3AC3 /* AuthManager.swift */ = {isa = PBXFileReference; lastKnownFileType = sourcecode.swift; path = AuthManager.swift; sourceTree = "<group>"; };
		91F2B70E2B065C2F00FA3AC3 /* FireUser.swift */ = {isa = PBXFileReference; lastKnownFileType = sourcecode.swift; path = FireUser.swift; sourceTree = "<group>"; };
		91F2B7102B065DBB00FA3AC3 /* FireChild.swift */ = {isa = PBXFileReference; lastKnownFileType = sourcecode.swift; path = FireChild.swift; sourceTree = "<group>"; };
		91F2B7122B06613B00FA3AC3 /* OnboardingView1.swift */ = {isa = PBXFileReference; lastKnownFileType = sourcecode.swift; path = OnboardingView1.swift; sourceTree = "<group>"; };
		91F2B7152B0661C300FA3AC3 /* TextButtonView.swift */ = {isa = PBXFileReference; lastKnownFileType = sourcecode.swift; path = TextButtonView.swift; sourceTree = "<group>"; };
/* End PBXFileReference section */

/* Begin PBXFrameworksBuildPhase section */
		91F2B6C52B064F3D00FA3AC3 /* Frameworks */ = {
			isa = PBXFrameworksBuildPhase;
			buildActionMask = 2147483647;
			files = (
				91F2B6F62B06537200FA3AC3 /* FirebaseDatabase in Frameworks */,
				91F2B6FC2B06537200FA3AC3 /* FirebaseFirestore in Frameworks */,
				91F2B6E42B06537200FA3AC3 /* FirebaseAnalytics in Frameworks */,
				91F2B7002B06537200FA3AC3 /* FirebaseFirestoreSwift in Frameworks */,
				91F2B6F02B06537200FA3AC3 /* FirebaseAuth in Frameworks */,
				91F2B6F42B06537200FA3AC3 /* FirebaseCrashlytics in Frameworks */,
				91F2B6F82B06537200FA3AC3 /* FirebaseDatabaseSwift in Frameworks */,
				91F2B6F22B06537200FA3AC3 /* FirebaseAuthCombine-Community in Frameworks */,
				91F2B6FE2B06537200FA3AC3 /* FirebaseFirestoreCombine-Community in Frameworks */,
			);
			runOnlyForDeploymentPostprocessing = 0;
		};
/* End PBXFrameworksBuildPhase section */

/* Begin PBXGroup section */
		91D9DF6D2B0788B600514AF8 /* Onboarding */ = {
			isa = PBXGroup;
			children = (
				91F2B7122B06613B00FA3AC3 /* OnboardingView1.swift */,
				91D9DF6E2B0788E600514AF8 /* OnboardingView2.swift */,
				91D9DF812B07D38900514AF8 /* OnboardingView3.swift */,
				91D9DF8B2B080ABE00514AF8 /* OnboardingView4.swift */,
			);
			path = Onboarding;
			sourceTree = "<group>";
		};
		91D9DF742B07988000514AF8 /* Resources */ = {
			isa = PBXGroup;
			children = (
				91D9DF752B0798F900514AF8 /* Strings.swift */,
				91D9DF772B079AB600514AF8 /* Colors.swift */,
			);
			path = Resources;
			sourceTree = "<group>";
		};
		91D9DF8F2B080CD900514AF8 /* Enums */ = {
			isa = PBXGroup;
			children = (
				91D9DF902B080CF100514AF8 /* ChoiceOption.swift */,
				91929AA22B096DEA00C68AD2 /* HTTPError.swift */,
				91929AA42B09754300C68AD2 /* AuthenticationMode.swift */,
				91929AA82B0B5E9C00C68AD2 /* Tab.swift */,
			);
			path = Enums;
			sourceTree = "<group>";
		};
		91F2B6BF2B064F3D00FA3AC3 = {
			isa = PBXGroup;
			children = (
				91F2B6CA2B064F3D00FA3AC3 /* CashCow */,
				91F2B6C92B064F3D00FA3AC3 /* Products */,
			);
			sourceTree = "<group>";
		};
		91F2B6C92B064F3D00FA3AC3 /* Products */ = {
			isa = PBXGroup;
			children = (
				91F2B6C82B064F3D00FA3AC3 /* CashCow.app */,
			);
			name = Products;
			sourceTree = "<group>";
		};
		91F2B6CA2B064F3D00FA3AC3 /* CashCow */ = {
			isa = PBXGroup;
			children = (
				91F2B6CB2B064F3D00FA3AC3 /* CashCowApp.swift */,
				91D9DF742B07988000514AF8 /* Resources */,
				91D9DF8F2B080CD900514AF8 /* Enums */,
				91F2B6D92B064F8700FA3AC3 /* Models */,
				91F2B6DD2B0650B100FA3AC3 /* Managers */,
				91F2B6DC2B064FC100FA3AC3 /* Repositories */,
				91F2B6DA2B064F9400FA3AC3 /* ViewModels */,
				91F2B6DB2B064FA900FA3AC3 /* Views */,
				91F2B6CF2B064F3E00FA3AC3 /* Assets.xcassets */,
				91D9DF652B0773D000514AF8 /* GoogleService-Info.plist */,
				91F2B6D12B064F3E00FA3AC3 /* Preview Content */,
			);
			path = CashCow;
			sourceTree = "<group>";
		};
		91F2B6D12B064F3E00FA3AC3 /* Preview Content */ = {
			isa = PBXGroup;
			children = (
				91F2B6D22B064F3E00FA3AC3 /* Preview Assets.xcassets */,
			);
			path = "Preview Content";
			sourceTree = "<group>";
		};
		91F2B6D92B064F8700FA3AC3 /* Models */ = {
			isa = PBXGroup;
			children = (
				91F2B70E2B065C2F00FA3AC3 /* FireUser.swift */,
				91F2B7102B065DBB00FA3AC3 /* FireChild.swift */,
				91D9DF692B07798B00514AF8 /* FireSettings.swift */,
			);
			path = Models;
			sourceTree = "<group>";
		};
		91F2B6DA2B064F9400FA3AC3 /* ViewModels */ = {
			isa = PBXGroup;
			children = (
				91929AA02B096CC700C68AD2 /* AuthViewModel.swift */,
				91929AAC2B0B929E00C68AD2 /* ProfileViewModel.swift */,
			);
			path = ViewModels;
			sourceTree = "<group>";
		};
		91F2B6DB2B064FA900FA3AC3 /* Views */ = {
			isa = PBXGroup;
			children = (
				91D9DF922B094EEB00514AF8 /* AuthenticationView.swift */,
				91D9DF7B2B07BAA000514AF8 /* LoginView.swift */,
				91929AA62B097E3C00C68AD2 /* OverviewView.swift */,
				91D9DF6D2B0788B600514AF8 /* Onboarding */,
				91F2B7142B0661A900FA3AC3 /* Components */,
			);
			path = Views;
			sourceTree = "<group>";
		};
		91F2B6DC2B064FC100FA3AC3 /* Repositories */ = {
			isa = PBXGroup;
			children = (
				91929AAA2B0B728600C68AD2 /* ProfileRepository.swift */,
			);
			path = Repositories;
			sourceTree = "<group>";
		};
		91F2B6DD2B0650B100FA3AC3 /* Managers */ = {
			isa = PBXGroup;
			children = (
				91F2B6DE2B0650D200FA3AC3 /* AuthManager.swift */,
			);
			path = Managers;
			sourceTree = "<group>";
		};
		91F2B7142B0661A900FA3AC3 /* Components */ = {
			isa = PBXGroup;
			children = (
				91D9DF7F2B07C7A600514AF8 /* AppIcon.swift */,
				91F2B7152B0661C300FA3AC3 /* TextButtonView.swift */,
				91D9DF6B2B07859D00514AF8 /* PrimaryButtonView.swift */,
				91D9DF702B07896800514AF8 /* LoginButton.swift */,
				91D9DF792B07B39800514AF8 /* CashCowAnimation.swift */,
				91D9DF722B078A0600514AF8 /* TitleWithAnimation.swift */,
				91D9DF7D2B07C56400514AF8 /* SelectionAdultView.swift */,
				91D9DF832B07D6B500514AF8 /* SelectionChildButton.swift */,
				91D9DF852B07DE4F00514AF8 /* SelectionFaceIdAndFingerprintButton.swift */,
				91D9DF872B0803A600514AF8 /* SelectionEnterWithCodeButton.swift */,
				91D9DF892B08062B00514AF8 /* SelectionChoiceOption.swift */,
				91929AAE2B0CCB3A00C68AD2 /* NavigationBar.swift */,
				91929AB22B0CD6D000C68AD2 /* TabViewForNavigationBar.swift */,
				91929AB02B0CD1F700C68AD2 /* NavigatorView.swift */,
			);
			path = Components;
			sourceTree = "<group>";
		};
/* End PBXGroup section */

/* Begin PBXNativeTarget section */
		91F2B6C72B064F3D00FA3AC3 /* CashCow */ = {
			isa = PBXNativeTarget;
			buildConfigurationList = 91F2B6D62B064F3E00FA3AC3 /* Build configuration list for PBXNativeTarget "CashCow" */;
			buildPhases = (
				91F2B6C42B064F3D00FA3AC3 /* Sources */,
				91F2B6C52B064F3D00FA3AC3 /* Frameworks */,
				91F2B6C62B064F3D00FA3AC3 /* Resources */,
				91F2B70B2B06548D00FA3AC3 /* ShellScript */,
			);
			buildRules = (
			);
			dependencies = (
			);
			name = CashCow;
			packageProductDependencies = (
				91F2B6E32B06537200FA3AC3 /* FirebaseAnalytics */,
				91F2B6EF2B06537200FA3AC3 /* FirebaseAuth */,
				91F2B6F12B06537200FA3AC3 /* FirebaseAuthCombine-Community */,
				91F2B6F32B06537200FA3AC3 /* FirebaseCrashlytics */,
				91F2B6F52B06537200FA3AC3 /* FirebaseDatabase */,
				91F2B6F72B06537200FA3AC3 /* FirebaseDatabaseSwift */,
				91F2B6FB2B06537200FA3AC3 /* FirebaseFirestore */,
				91F2B6FD2B06537200FA3AC3 /* FirebaseFirestoreCombine-Community */,
				91F2B6FF2B06537200FA3AC3 /* FirebaseFirestoreSwift */,
			);
			productName = CashCow;
			productReference = 91F2B6C82B064F3D00FA3AC3 /* CashCow.app */;
			productType = "com.apple.product-type.application";
		};
/* End PBXNativeTarget section */

/* Begin PBXProject section */
		91F2B6C02B064F3D00FA3AC3 /* Project object */ = {
			isa = PBXProject;
			attributes = {
				BuildIndependentTargetsInParallel = 1;
				LastSwiftUpdateCheck = 1500;
				LastUpgradeCheck = 1500;
				TargetAttributes = {
					91F2B6C72B064F3D00FA3AC3 = {
						CreatedOnToolsVersion = 15.0.1;
					};
				};
			};
			buildConfigurationList = 91F2B6C32B064F3D00FA3AC3 /* Build configuration list for PBXProject "CashCow" */;
			compatibilityVersion = "Xcode 14.0";
			developmentRegion = en;
			hasScannedForEncodings = 0;
			knownRegions = (
				en,
				Base,
			);
			mainGroup = 91F2B6BF2B064F3D00FA3AC3;
			packageReferences = (
				91F2B6E22B06537200FA3AC3 /* XCRemoteSwiftPackageReference "firebase-ios-sdk" */,
			);
			productRefGroup = 91F2B6C92B064F3D00FA3AC3 /* Products */;
			projectDirPath = "";
			projectRoot = "";
			targets = (
				91F2B6C72B064F3D00FA3AC3 /* CashCow */,
			);
		};
/* End PBXProject section */

/* Begin PBXResourcesBuildPhase section */
		91F2B6C62B064F3D00FA3AC3 /* Resources */ = {
			isa = PBXResourcesBuildPhase;
			buildActionMask = 2147483647;
			files = (
				91F2B6D32B064F3E00FA3AC3 /* Preview Assets.xcassets in Resources */,
				91F2B6D02B064F3E00FA3AC3 /* Assets.xcassets in Resources */,
				91D9DF662B0773D000514AF8 /* GoogleService-Info.plist in Resources */,
			);
			runOnlyForDeploymentPostprocessing = 0;
		};
/* End PBXResourcesBuildPhase section */

/* Begin PBXShellScriptBuildPhase section */
		91F2B70B2B06548D00FA3AC3 /* ShellScript */ = {
			isa = PBXShellScriptBuildPhase;
			buildActionMask = 2147483647;
			files = (
			);
			inputFileListPaths = (
			);
			inputPaths = (
				"${DWARF_DSYM_FOLDER_PATH}/${DWARF_DSYM_FILE_NAME}",
				"${DWARF_DSYM_FOLDER_PATH}/${DWARF_DSYM_FILE_NAME}/Contents/Resources/DWARF/${PRODUCT_NAME}",
				"${DWARF_DSYM_FOLDER_PATH}/${DWARF_DSYM_FILE_NAME}/Contents/Info.plist",
				"$(TARGET_BUILD_DIR)/$(UNLOCALIZED_RESOURCES_FOLDER_PATH)/GoogleService-Info.plist",
				"$(TARGET_BUILD_DIR)/$(EXECUTABLE_PATH)",
			);
			outputFileListPaths = (
			);
			outputPaths = (
			);
			runOnlyForDeploymentPostprocessing = 0;
			shellPath = /bin/sh;
			shellScript = "\"${BUILD_DIR%/Build/*}/SourcePackages/checkouts/firebase-ios-sdk/Crashlytics/run\"\n";
		};
/* End PBXShellScriptBuildPhase section */

/* Begin PBXSourcesBuildPhase section */
		91F2B6C42B064F3D00FA3AC3 /* Sources */ = {
			isa = PBXSourcesBuildPhase;
			buildActionMask = 2147483647;
			files = (
				91D9DF862B07DE4F00514AF8 /* SelectionFaceIdAndFingerprintButton.swift in Sources */,
				91F2B6DF2B0650D200FA3AC3 /* AuthManager.swift in Sources */,
				91929AB12B0CD1F700C68AD2 /* NavigatorView.swift in Sources */,
				91D9DF7E2B07C56400514AF8 /* SelectionAdultView.swift in Sources */,
				91929AAB2B0B728600C68AD2 /* ProfileRepository.swift in Sources */,
				91D9DF782B079AB600514AF8 /* Colors.swift in Sources */,
				91929AAF2B0CCB3A00C68AD2 /* NavigationBar.swift in Sources */,
				91D9DF712B07896800514AF8 /* LoginButton.swift in Sources */,
				91929AA12B096CC700C68AD2 /* AuthViewModel.swift in Sources */,
				91929AA32B096DEA00C68AD2 /* HTTPError.swift in Sources */,
				91929AA92B0B5E9C00C68AD2 /* Tab.swift in Sources */,
				91D9DF802B07C7A600514AF8 /* AppIcon.swift in Sources */,
				91D9DF882B0803A600514AF8 /* SelectionEnterWithCodeButton.swift in Sources */,
				91D9DF912B080CF100514AF8 /* ChoiceOption.swift in Sources */,
				91D9DF6A2B07798B00514AF8 /* FireSettings.swift in Sources */,
				91D9DF932B094EEB00514AF8 /* AuthenticationView.swift in Sources */,
				91D9DF6C2B07859D00514AF8 /* PrimaryButtonView.swift in Sources */,
				91929AA72B097E3C00C68AD2 /* OverviewView.swift in Sources */,
				91F2B7162B0661C300FA3AC3 /* TextButtonView.swift in Sources */,
				91929AB32B0CD6D000C68AD2 /* TabViewForNavigationBar.swift in Sources */,
				91D9DF762B0798F900514AF8 /* Strings.swift in Sources */,
				91929AAD2B0B929E00C68AD2 /* ProfileViewModel.swift in Sources */,
				91F2B70F2B065C2F00FA3AC3 /* FireUser.swift in Sources */,
				91D9DF7A2B07B39800514AF8 /* CashCowAnimation.swift in Sources */,
				91D9DF7C2B07BAA000514AF8 /* LoginView.swift in Sources */,
				91D9DF822B07D38900514AF8 /* OnboardingView3.swift in Sources */,
				91F2B7132B06613B00FA3AC3 /* OnboardingView1.swift in Sources */,
				91929AA52B09754300C68AD2 /* AuthenticationMode.swift in Sources */,
				91D9DF8C2B080ABE00514AF8 /* OnboardingView4.swift in Sources */,
				91D9DF8A2B08062B00514AF8 /* SelectionChoiceOption.swift in Sources */,
				91D9DF842B07D6B500514AF8 /* SelectionChildButton.swift in Sources */,
				91D9DF732B078A0600514AF8 /* TitleWithAnimation.swift in Sources */,
				91F2B7112B065DBB00FA3AC3 /* FireChild.swift in Sources */,
				91F2B6CC2B064F3D00FA3AC3 /* CashCowApp.swift in Sources */,
				91D9DF6F2B0788E600514AF8 /* OnboardingView2.swift in Sources */,
			);
			runOnlyForDeploymentPostprocessing = 0;
		};
/* End PBXSourcesBuildPhase section */

/* Begin XCBuildConfiguration section */
		91F2B6D42B064F3E00FA3AC3 /* Debug */ = {
			isa = XCBuildConfiguration;
			buildSettings = {
				ALWAYS_SEARCH_USER_PATHS = NO;
				ASSETCATALOG_COMPILER_GENERATE_SWIFT_ASSET_SYMBOL_EXTENSIONS = YES;
				CLANG_ANALYZER_NONNULL = YES;
				CLANG_ANALYZER_NUMBER_OBJECT_CONVERSION = YES_AGGRESSIVE;
				CLANG_CXX_LANGUAGE_STANDARD = "gnu++20";
				CLANG_ENABLE_MODULES = YES;
				CLANG_ENABLE_OBJC_ARC = YES;
				CLANG_ENABLE_OBJC_WEAK = YES;
				CLANG_WARN_BLOCK_CAPTURE_AUTORELEASING = YES;
				CLANG_WARN_BOOL_CONVERSION = YES;
				CLANG_WARN_COMMA = YES;
				CLANG_WARN_CONSTANT_CONVERSION = YES;
				CLANG_WARN_DEPRECATED_OBJC_IMPLEMENTATIONS = YES;
				CLANG_WARN_DIRECT_OBJC_ISA_USAGE = YES_ERROR;
				CLANG_WARN_DOCUMENTATION_COMMENTS = YES;
				CLANG_WARN_EMPTY_BODY = YES;
				CLANG_WARN_ENUM_CONVERSION = YES;
				CLANG_WARN_INFINITE_RECURSION = YES;
				CLANG_WARN_INT_CONVERSION = YES;
				CLANG_WARN_NON_LITERAL_NULL_CONVERSION = YES;
				CLANG_WARN_OBJC_IMPLICIT_RETAIN_SELF = YES;
				CLANG_WARN_OBJC_LITERAL_CONVERSION = YES;
				CLANG_WARN_OBJC_ROOT_CLASS = YES_ERROR;
				CLANG_WARN_QUOTED_INCLUDE_IN_FRAMEWORK_HEADER = YES;
				CLANG_WARN_RANGE_LOOP_ANALYSIS = YES;
				CLANG_WARN_STRICT_PROTOTYPES = YES;
				CLANG_WARN_SUSPICIOUS_MOVE = YES;
				CLANG_WARN_UNGUARDED_AVAILABILITY = YES_AGGRESSIVE;
				CLANG_WARN_UNREACHABLE_CODE = YES;
				CLANG_WARN__DUPLICATE_METHOD_MATCH = YES;
				COPY_PHASE_STRIP = NO;
				DEBUG_INFORMATION_FORMAT = dwarf;
				ENABLE_STRICT_OBJC_MSGSEND = YES;
				ENABLE_TESTABILITY = YES;
				ENABLE_USER_SCRIPT_SANDBOXING = YES;
				GCC_C_LANGUAGE_STANDARD = gnu17;
				GCC_DYNAMIC_NO_PIC = NO;
				GCC_NO_COMMON_BLOCKS = YES;
				GCC_OPTIMIZATION_LEVEL = 0;
				GCC_PREPROCESSOR_DEFINITIONS = (
					"DEBUG=1",
					"$(inherited)",
				);
				GCC_WARN_64_TO_32_BIT_CONVERSION = YES;
				GCC_WARN_ABOUT_RETURN_TYPE = YES_ERROR;
				GCC_WARN_UNDECLARED_SELECTOR = YES;
				GCC_WARN_UNINITIALIZED_AUTOS = YES_AGGRESSIVE;
				GCC_WARN_UNUSED_FUNCTION = YES;
				GCC_WARN_UNUSED_VARIABLE = YES;
				IPHONEOS_DEPLOYMENT_TARGET = 17.0;
				LOCALIZATION_PREFERS_STRING_CATALOGS = YES;
				MTL_ENABLE_DEBUG_INFO = INCLUDE_SOURCE;
				MTL_FAST_MATH = YES;
				ONLY_ACTIVE_ARCH = YES;
				SDKROOT = iphoneos;
				SWIFT_ACTIVE_COMPILATION_CONDITIONS = "DEBUG $(inherited)";
				SWIFT_OPTIMIZATION_LEVEL = "-Onone";
			};
			name = Debug;
		};
		91F2B6D52B064F3E00FA3AC3 /* Release */ = {
			isa = XCBuildConfiguration;
			buildSettings = {
				ALWAYS_SEARCH_USER_PATHS = NO;
				ASSETCATALOG_COMPILER_GENERATE_SWIFT_ASSET_SYMBOL_EXTENSIONS = YES;
				CLANG_ANALYZER_NONNULL = YES;
				CLANG_ANALYZER_NUMBER_OBJECT_CONVERSION = YES_AGGRESSIVE;
				CLANG_CXX_LANGUAGE_STANDARD = "gnu++20";
				CLANG_ENABLE_MODULES = YES;
				CLANG_ENABLE_OBJC_ARC = YES;
				CLANG_ENABLE_OBJC_WEAK = YES;
				CLANG_WARN_BLOCK_CAPTURE_AUTORELEASING = YES;
				CLANG_WARN_BOOL_CONVERSION = YES;
				CLANG_WARN_COMMA = YES;
				CLANG_WARN_CONSTANT_CONVERSION = YES;
				CLANG_WARN_DEPRECATED_OBJC_IMPLEMENTATIONS = YES;
				CLANG_WARN_DIRECT_OBJC_ISA_USAGE = YES_ERROR;
				CLANG_WARN_DOCUMENTATION_COMMENTS = YES;
				CLANG_WARN_EMPTY_BODY = YES;
				CLANG_WARN_ENUM_CONVERSION = YES;
				CLANG_WARN_INFINITE_RECURSION = YES;
				CLANG_WARN_INT_CONVERSION = YES;
				CLANG_WARN_NON_LITERAL_NULL_CONVERSION = YES;
				CLANG_WARN_OBJC_IMPLICIT_RETAIN_SELF = YES;
				CLANG_WARN_OBJC_LITERAL_CONVERSION = YES;
				CLANG_WARN_OBJC_ROOT_CLASS = YES_ERROR;
				CLANG_WARN_QUOTED_INCLUDE_IN_FRAMEWORK_HEADER = YES;
				CLANG_WARN_RANGE_LOOP_ANALYSIS = YES;
				CLANG_WARN_STRICT_PROTOTYPES = YES;
				CLANG_WARN_SUSPICIOUS_MOVE = YES;
				CLANG_WARN_UNGUARDED_AVAILABILITY = YES_AGGRESSIVE;
				CLANG_WARN_UNREACHABLE_CODE = YES;
				CLANG_WARN__DUPLICATE_METHOD_MATCH = YES;
				COPY_PHASE_STRIP = NO;
				DEBUG_INFORMATION_FORMAT = "dwarf-with-dsym";
				ENABLE_NS_ASSERTIONS = NO;
				ENABLE_STRICT_OBJC_MSGSEND = YES;
				ENABLE_USER_SCRIPT_SANDBOXING = YES;
				GCC_C_LANGUAGE_STANDARD = gnu17;
				GCC_NO_COMMON_BLOCKS = YES;
				GCC_WARN_64_TO_32_BIT_CONVERSION = YES;
				GCC_WARN_ABOUT_RETURN_TYPE = YES_ERROR;
				GCC_WARN_UNDECLARED_SELECTOR = YES;
				GCC_WARN_UNINITIALIZED_AUTOS = YES_AGGRESSIVE;
				GCC_WARN_UNUSED_FUNCTION = YES;
				GCC_WARN_UNUSED_VARIABLE = YES;
				IPHONEOS_DEPLOYMENT_TARGET = 17.0;
				LOCALIZATION_PREFERS_STRING_CATALOGS = YES;
				MTL_ENABLE_DEBUG_INFO = NO;
				MTL_FAST_MATH = YES;
				SDKROOT = iphoneos;
				SWIFT_COMPILATION_MODE = wholemodule;
				VALIDATE_PRODUCT = YES;
			};
			name = Release;
		};
		91F2B6D72B064F3E00FA3AC3 /* Debug */ = {
			isa = XCBuildConfiguration;
			buildSettings = {
				ASSETCATALOG_COMPILER_APPICON_NAME = AppIcon;
				ASSETCATALOG_COMPILER_GLOBAL_ACCENT_COLOR_NAME = AccentColor;
				CODE_SIGN_STYLE = Automatic;
				CURRENT_PROJECT_VERSION = 1;
				DEBUG_INFORMATION_FORMAT = "dwarf-with-dsym";
				DEVELOPMENT_ASSET_PATHS = "\"CashCow/Preview Content\"";
				ENABLE_PREVIEWS = YES;
				GENERATE_INFOPLIST_FILE = YES;
				INFOPLIST_KEY_UIApplicationSceneManifest_Generation = YES;
				INFOPLIST_KEY_UIApplicationSupportsIndirectInputEvents = YES;
				INFOPLIST_KEY_UILaunchScreen_Generation = YES;
				INFOPLIST_KEY_UISupportedInterfaceOrientations_iPad = "UIInterfaceOrientationPortrait UIInterfaceOrientationPortraitUpsideDown UIInterfaceOrientationLandscapeLeft UIInterfaceOrientationLandscapeRight";
				INFOPLIST_KEY_UISupportedInterfaceOrientations_iPhone = "UIInterfaceOrientationPortrait UIInterfaceOrientationLandscapeLeft UIInterfaceOrientationLandscapeRight";
				LD_RUNPATH_SEARCH_PATHS = (
					"$(inherited)",
					"@executable_path/Frameworks",
				);
				MARKETING_VERSION = 1.0;
				PRODUCT_BUNDLE_IDENTIFIER = com.syntax.CashCow;
				PRODUCT_NAME = "$(TARGET_NAME)";
				SWIFT_EMIT_LOC_STRINGS = YES;
				SWIFT_VERSION = 5.0;
				TARGETED_DEVICE_FAMILY = "1,2";
			};
			name = Debug;
		};
		91F2B6D82B064F3E00FA3AC3 /* Release */ = {
			isa = XCBuildConfiguration;
			buildSettings = {
				ASSETCATALOG_COMPILER_APPICON_NAME = AppIcon;
				ASSETCATALOG_COMPILER_GLOBAL_ACCENT_COLOR_NAME = AccentColor;
				CODE_SIGN_STYLE = Automatic;
				CURRENT_PROJECT_VERSION = 1;
				DEBUG_INFORMATION_FORMAT = "dwarf-with-dsym";
				DEVELOPMENT_ASSET_PATHS = "\"CashCow/Preview Content\"";
				ENABLE_PREVIEWS = YES;
				GENERATE_INFOPLIST_FILE = YES;
				INFOPLIST_KEY_UIApplicationSceneManifest_Generation = YES;
				INFOPLIST_KEY_UIApplicationSupportsIndirectInputEvents = YES;
				INFOPLIST_KEY_UILaunchScreen_Generation = YES;
				INFOPLIST_KEY_UISupportedInterfaceOrientations_iPad = "UIInterfaceOrientationPortrait UIInterfaceOrientationPortraitUpsideDown UIInterfaceOrientationLandscapeLeft UIInterfaceOrientationLandscapeRight";
				INFOPLIST_KEY_UISupportedInterfaceOrientations_iPhone = "UIInterfaceOrientationPortrait UIInterfaceOrientationLandscapeLeft UIInterfaceOrientationLandscapeRight";
				LD_RUNPATH_SEARCH_PATHS = (
					"$(inherited)",
					"@executable_path/Frameworks",
				);
				MARKETING_VERSION = 1.0;
				PRODUCT_BUNDLE_IDENTIFIER = com.syntax.CashCow;
				PRODUCT_NAME = "$(TARGET_NAME)";
				SWIFT_EMIT_LOC_STRINGS = YES;
				SWIFT_VERSION = 5.0;
				TARGETED_DEVICE_FAMILY = "1,2";
			};
			name = Release;
		};
/* End XCBuildConfiguration section */

/* Begin XCConfigurationList section */
		91F2B6C32B064F3D00FA3AC3 /* Build configuration list for PBXProject "CashCow" */ = {
			isa = XCConfigurationList;
			buildConfigurations = (
				91F2B6D42B064F3E00FA3AC3 /* Debug */,
				91F2B6D52B064F3E00FA3AC3 /* Release */,
			);
			defaultConfigurationIsVisible = 0;
			defaultConfigurationName = Release;
		};
		91F2B6D62B064F3E00FA3AC3 /* Build configuration list for PBXNativeTarget "CashCow" */ = {
			isa = XCConfigurationList;
			buildConfigurations = (
				91F2B6D72B064F3E00FA3AC3 /* Debug */,
				91F2B6D82B064F3E00FA3AC3 /* Release */,
			);
			defaultConfigurationIsVisible = 0;
			defaultConfigurationName = Release;
		};
/* End XCConfigurationList section */

/* Begin XCRemoteSwiftPackageReference section */
		91F2B6E22B06537200FA3AC3 /* XCRemoteSwiftPackageReference "firebase-ios-sdk" */ = {
			isa = XCRemoteSwiftPackageReference;
			repositoryURL = "https://github.com/firebase/firebase-ios-sdk.git";
			requirement = {
				kind = upToNextMajorVersion;
				minimumVersion = 10.18.0;
			};
		};
/* End XCRemoteSwiftPackageReference section */

/* Begin XCSwiftPackageProductDependency section */
		91F2B6E32B06537200FA3AC3 /* FirebaseAnalytics */ = {
			isa = XCSwiftPackageProductDependency;
			package = 91F2B6E22B06537200FA3AC3 /* XCRemoteSwiftPackageReference "firebase-ios-sdk" */;
			productName = FirebaseAnalytics;
		};
		91F2B6EF2B06537200FA3AC3 /* FirebaseAuth */ = {
			isa = XCSwiftPackageProductDependency;
			package = 91F2B6E22B06537200FA3AC3 /* XCRemoteSwiftPackageReference "firebase-ios-sdk" */;
			productName = FirebaseAuth;
		};
		91F2B6F12B06537200FA3AC3 /* FirebaseAuthCombine-Community */ = {
			isa = XCSwiftPackageProductDependency;
			package = 91F2B6E22B06537200FA3AC3 /* XCRemoteSwiftPackageReference "firebase-ios-sdk" */;
			productName = "FirebaseAuthCombine-Community";
		};
		91F2B6F32B06537200FA3AC3 /* FirebaseCrashlytics */ = {
			isa = XCSwiftPackageProductDependency;
			package = 91F2B6E22B06537200FA3AC3 /* XCRemoteSwiftPackageReference "firebase-ios-sdk" */;
			productName = FirebaseCrashlytics;
		};
		91F2B6F52B06537200FA3AC3 /* FirebaseDatabase */ = {
			isa = XCSwiftPackageProductDependency;
			package = 91F2B6E22B06537200FA3AC3 /* XCRemoteSwiftPackageReference "firebase-ios-sdk" */;
			productName = FirebaseDatabase;
		};
		91F2B6F72B06537200FA3AC3 /* FirebaseDatabaseSwift */ = {
			isa = XCSwiftPackageProductDependency;
			package = 91F2B6E22B06537200FA3AC3 /* XCRemoteSwiftPackageReference "firebase-ios-sdk" */;
			productName = FirebaseDatabaseSwift;
		};
		91F2B6FB2B06537200FA3AC3 /* FirebaseFirestore */ = {
			isa = XCSwiftPackageProductDependency;
			package = 91F2B6E22B06537200FA3AC3 /* XCRemoteSwiftPackageReference "firebase-ios-sdk" */;
			productName = FirebaseFirestore;
		};
		91F2B6FD2B06537200FA3AC3 /* FirebaseFirestoreCombine-Community */ = {
			isa = XCSwiftPackageProductDependency;
			package = 91F2B6E22B06537200FA3AC3 /* XCRemoteSwiftPackageReference "firebase-ios-sdk" */;
			productName = "FirebaseFirestoreCombine-Community";
		};
		91F2B6FF2B06537200FA3AC3 /* FirebaseFirestoreSwift */ = {
			isa = XCSwiftPackageProductDependency;
			package = 91F2B6E22B06537200FA3AC3 /* XCRemoteSwiftPackageReference "firebase-ios-sdk" */;
			productName = FirebaseFirestoreSwift;
		};
/* End XCSwiftPackageProductDependency section */
	};
	rootObject = 91F2B6C02B064F3D00FA3AC3 /* Project object */;
}
