// !$*UTF8*$!
{
	archiveVersion = 1;
	classes = {
	};
	objectVersion = 56;
	objects = {

/* Begin PBXBuildFile section */
		9111F6AA2B0E4ABC00D66A55 /* ProfileImage.swift in Sources */ = {isa = PBXBuildFile; fileRef = 9111F6A92B0E4ABC00D66A55 /* ProfileImage.swift */; };
		9111F6AC2B0E544A00D66A55 /* ImagePicker.swift in Sources */ = {isa = PBXBuildFile; fileRef = 9111F6AB2B0E544A00D66A55 /* ImagePicker.swift */; };
		9111F6AE2B0E5AF800D66A55 /* ButtonsForProfile.swift in Sources */ = {isa = PBXBuildFile; fileRef = 9111F6AD2B0E5AF800D66A55 /* ButtonsForProfile.swift */; };
		9111F6B42B0E98CE00D66A55 /* FirebaseAnalyticsSwift in Frameworks */ = {isa = PBXBuildFile; productRef = 9111F6B32B0E98CE00D66A55 /* FirebaseAnalyticsSwift */; };
		9111F6C42B0E98CE00D66A55 /* FirebaseDatabaseSwift in Frameworks */ = {isa = PBXBuildFile; productRef = 9111F6C32B0E98CE00D66A55 /* FirebaseDatabaseSwift */; };
		9111F6F02B0E9AB200D66A55 /* FirebaseAuth in Frameworks */ = {isa = PBXBuildFile; productRef = 9111F6EF2B0E9AB200D66A55 /* FirebaseAuth */; };
		9111F6F42B0E9AB200D66A55 /* FirebaseCrashlytics in Frameworks */ = {isa = PBXBuildFile; productRef = 9111F6F32B0E9AB200D66A55 /* FirebaseCrashlytics */; };
		9111F70C2B0E9AB200D66A55 /* FirebaseStorage in Frameworks */ = {isa = PBXBuildFile; productRef = 9111F70B2B0E9AB200D66A55 /* FirebaseStorage */; };
		914F313E2B0EA4BA004B2513 /* ChildProfileRepository.swift in Sources */ = {isa = PBXBuildFile; fileRef = 914F313D2B0EA4BA004B2513 /* ChildProfileRepository.swift */; };
		914F31422B0EADCF004B2513 /* ChildProfileViewModel.swift in Sources */ = {isa = PBXBuildFile; fileRef = 914F31412B0EADCF004B2513 /* ChildProfileViewModel.swift */; };
		914F31442B0EC8AC004B2513 /* ChildrenListViewModel.swift in Sources */ = {isa = PBXBuildFile; fileRef = 914F31432B0EC8AC004B2513 /* ChildrenListViewModel.swift */; };
		914F31482B0F7CC6004B2513 /* FamilyMemberPicker.swift in Sources */ = {isa = PBXBuildFile; fileRef = 914F31472B0F7CC6004B2513 /* FamilyMemberPicker.swift */; };
		914F314A2B0F9AEA004B2513 /* NewChildView.swift in Sources */ = {isa = PBXBuildFile; fileRef = 914F31492B0F9AEA004B2513 /* NewChildView.swift */; };
		914F31502B10A721004B2513 /* ImageSmallAndRound.swift in Sources */ = {isa = PBXBuildFile; fileRef = 914F314F2B10A721004B2513 /* ImageSmallAndRound.swift */; };
		914F31542B10BAB0004B2513 /* ChoiceOptionListForOverview.swift in Sources */ = {isa = PBXBuildFile; fileRef = 914F31532B10BAB0004B2513 /* ChoiceOptionListForOverview.swift */; };
		914F31712B129383004B2513 /* FirebaseAnalytics in Frameworks */ = {isa = PBXBuildFile; productRef = 914F31702B129383004B2513 /* FirebaseAnalytics */; };
		914F31732B129383004B2513 /* FirebaseAnalyticsOnDeviceConversion in Frameworks */ = {isa = PBXBuildFile; productRef = 914F31722B129383004B2513 /* FirebaseAnalyticsOnDeviceConversion */; };
		914F31752B129383004B2513 /* FirebaseAnalyticsSwift in Frameworks */ = {isa = PBXBuildFile; productRef = 914F31742B129383004B2513 /* FirebaseAnalyticsSwift */; };
		914F31772B129383004B2513 /* FirebaseAnalyticsWithoutAdIdSupport in Frameworks */ = {isa = PBXBuildFile; productRef = 914F31762B129383004B2513 /* FirebaseAnalyticsWithoutAdIdSupport */; };
		914F31792B129383004B2513 /* FirebaseAppCheck in Frameworks */ = {isa = PBXBuildFile; productRef = 914F31782B129383004B2513 /* FirebaseAppCheck */; };
		91929AA12B096CC700C68AD2 /* AuthViewModel.swift in Sources */ = {isa = PBXBuildFile; fileRef = 91929AA02B096CC700C68AD2 /* AuthViewModel.swift */; };
		91929AA32B096DEA00C68AD2 /* HTTPError.swift in Sources */ = {isa = PBXBuildFile; fileRef = 91929AA22B096DEA00C68AD2 /* HTTPError.swift */; };
		91929AA52B09754300C68AD2 /* AuthenticationMode.swift in Sources */ = {isa = PBXBuildFile; fileRef = 91929AA42B09754300C68AD2 /* AuthenticationMode.swift */; };
		91929AA72B097E3C00C68AD2 /* OverviewView.swift in Sources */ = {isa = PBXBuildFile; fileRef = 91929AA62B097E3C00C68AD2 /* OverviewView.swift */; };
		91929AA92B0B5E9C00C68AD2 /* Tab.swift in Sources */ = {isa = PBXBuildFile; fileRef = 91929AA82B0B5E9C00C68AD2 /* Tab.swift */; };
		91929AAB2B0B728600C68AD2 /* ProfileRepository.swift in Sources */ = {isa = PBXBuildFile; fileRef = 91929AAA2B0B728600C68AD2 /* ProfileRepository.swift */; };
		91929AAD2B0B929E00C68AD2 /* ProfileViewModel.swift in Sources */ = {isa = PBXBuildFile; fileRef = 91929AAC2B0B929E00C68AD2 /* ProfileViewModel.swift */; };
		91929AAF2B0CCB3A00C68AD2 /* NavigationBar.swift in Sources */ = {isa = PBXBuildFile; fileRef = 91929AAE2B0CCB3A00C68AD2 /* NavigationBar.swift */; };
		91929AB12B0CD1F700C68AD2 /* NavigatorView.swift in Sources */ = {isa = PBXBuildFile; fileRef = 91929AB02B0CD1F700C68AD2 /* NavigatorView.swift */; };
		91929AB32B0CD6D000C68AD2 /* TabViewForNavigationBar.swift in Sources */ = {isa = PBXBuildFile; fileRef = 91929AB22B0CD6D000C68AD2 /* TabViewForNavigationBar.swift */; };
		91929AB52B0CE89D00C68AD2 /* TabViewModel.swift in Sources */ = {isa = PBXBuildFile; fileRef = 91929AB42B0CE89D00C68AD2 /* TabViewModel.swift */; };
		91929AB72B0CF26D00C68AD2 /* TabViewForTabList.swift in Sources */ = {isa = PBXBuildFile; fileRef = 91929AB62B0CF26D00C68AD2 /* TabViewForTabList.swift */; };
		91929AB92B0CFB1600C68AD2 /* ProfileView.swift in Sources */ = {isa = PBXBuildFile; fileRef = 91929AB82B0CFB1600C68AD2 /* ProfileView.swift */; };
		91929ABB2B0CFFD700C68AD2 /* ProfileNameAndImage.swift in Sources */ = {isa = PBXBuildFile; fileRef = 91929ABA2B0CFFD700C68AD2 /* ProfileNameAndImage.swift */; };
		91929ABD2B0D01B200C68AD2 /* SettingsButton.swift in Sources */ = {isa = PBXBuildFile; fileRef = 91929ABC2B0D01B200C68AD2 /* SettingsButton.swift */; };
		91929ABF2B0D0D3300C68AD2 /* DisplayForInputFields.swift in Sources */ = {isa = PBXBuildFile; fileRef = 91929ABE2B0D0D3300C68AD2 /* DisplayForInputFields.swift */; };
		91929AC52B0D246300C68AD2 /* ChildAccountView.swift in Sources */ = {isa = PBXBuildFile; fileRef = 91929AC42B0D246300C68AD2 /* ChildAccountView.swift */; };
		9198079A2B148F21007D5507 /* EditButton.swift in Sources */ = {isa = PBXBuildFile; fileRef = 919807992B148F21007D5507 /* EditButton.swift */; };
		9198079C2B14BB9C007D5507 /* EditView.swift in Sources */ = {isa = PBXBuildFile; fileRef = 9198079B2B14BB9C007D5507 /* EditView.swift */; };
		9198079E2B14BD7E007D5507 /* EditViewModel.swift in Sources */ = {isa = PBXBuildFile; fileRef = 9198079D2B14BD7E007D5507 /* EditViewModel.swift */; };
		919807A02B14EFB6007D5507 /* DisplayForEditFields.swift in Sources */ = {isa = PBXBuildFile; fileRef = 9198079F2B14EFB6007D5507 /* DisplayForEditFields.swift */; };
		919807A22B15EECF007D5507 /* HomeView.swift in Sources */ = {isa = PBXBuildFile; fileRef = 919807A12B15EECF007D5507 /* HomeView.swift */; };
		919807A42B16207D007D5507 /* SettingsViewModel.swift in Sources */ = {isa = PBXBuildFile; fileRef = 919807A32B16207D007D5507 /* SettingsViewModel.swift */; };
		919807A82B173C2A007D5507 /* Localizable.strings in Resources */ = {isa = PBXBuildFile; fileRef = 919807AA2B173C2A007D5507 /* Localizable.strings */; };
		919807AE2B1877DB007D5507 /* SettingsView.swift in Sources */ = {isa = PBXBuildFile; fileRef = 919807AD2B1877DB007D5507 /* SettingsView.swift */; };
		91D9DF662B0773D000514AF8 /* GoogleService-Info.plist in Resources */ = {isa = PBXBuildFile; fileRef = 91D9DF652B0773D000514AF8 /* GoogleService-Info.plist */; };
		91D9DF6A2B07798B00514AF8 /* FireSettings.swift in Sources */ = {isa = PBXBuildFile; fileRef = 91D9DF692B07798B00514AF8 /* FireSettings.swift */; };
		91D9DF6C2B07859D00514AF8 /* PrimaryButtonView.swift in Sources */ = {isa = PBXBuildFile; fileRef = 91D9DF6B2B07859D00514AF8 /* PrimaryButtonView.swift */; };
		91D9DF6F2B0788E600514AF8 /* OnboardingView2.swift in Sources */ = {isa = PBXBuildFile; fileRef = 91D9DF6E2B0788E600514AF8 /* OnboardingView2.swift */; };
		91D9DF712B07896800514AF8 /* LoginButton.swift in Sources */ = {isa = PBXBuildFile; fileRef = 91D9DF702B07896800514AF8 /* LoginButton.swift */; };
		91D9DF732B078A0600514AF8 /* TitleWithAnimation.swift in Sources */ = {isa = PBXBuildFile; fileRef = 91D9DF722B078A0600514AF8 /* TitleWithAnimation.swift */; };
		91D9DF762B0798F900514AF8 /* Strings.swift in Sources */ = {isa = PBXBuildFile; fileRef = 91D9DF752B0798F900514AF8 /* Strings.swift */; };
		91D9DF782B079AB600514AF8 /* Colors.swift in Sources */ = {isa = PBXBuildFile; fileRef = 91D9DF772B079AB600514AF8 /* Colors.swift */; };
		91D9DF7A2B07B39800514AF8 /* CashCowAnimation.swift in Sources */ = {isa = PBXBuildFile; fileRef = 91D9DF792B07B39800514AF8 /* CashCowAnimation.swift */; };
		91D9DF7C2B07BAA000514AF8 /* LoginView.swift in Sources */ = {isa = PBXBuildFile; fileRef = 91D9DF7B2B07BAA000514AF8 /* LoginView.swift */; };
		91D9DF7E2B07C56400514AF8 /* SelectionAdultView.swift in Sources */ = {isa = PBXBuildFile; fileRef = 91D9DF7D2B07C56400514AF8 /* SelectionAdultView.swift */; };
		91D9DF802B07C7A600514AF8 /* AppIcon.swift in Sources */ = {isa = PBXBuildFile; fileRef = 91D9DF7F2B07C7A600514AF8 /* AppIcon.swift */; };
		91D9DF822B07D38900514AF8 /* OnboardingView3.swift in Sources */ = {isa = PBXBuildFile; fileRef = 91D9DF812B07D38900514AF8 /* OnboardingView3.swift */; };
		91D9DF842B07D6B500514AF8 /* SelectionChildButton.swift in Sources */ = {isa = PBXBuildFile; fileRef = 91D9DF832B07D6B500514AF8 /* SelectionChildButton.swift */; };
		91D9DF862B07DE4F00514AF8 /* SelectionFaceIdAndFingerprintButton.swift in Sources */ = {isa = PBXBuildFile; fileRef = 91D9DF852B07DE4F00514AF8 /* SelectionFaceIdAndFingerprintButton.swift */; };
		91D9DF882B0803A600514AF8 /* SelectionEnterWithCodeButton.swift in Sources */ = {isa = PBXBuildFile; fileRef = 91D9DF872B0803A600514AF8 /* SelectionEnterWithCodeButton.swift */; };
		91D9DF8A2B08062B00514AF8 /* SelectionChoiceOption.swift in Sources */ = {isa = PBXBuildFile; fileRef = 91D9DF892B08062B00514AF8 /* SelectionChoiceOption.swift */; };
		91D9DF8C2B080ABE00514AF8 /* OnboardingView4.swift in Sources */ = {isa = PBXBuildFile; fileRef = 91D9DF8B2B080ABE00514AF8 /* OnboardingView4.swift */; };
		91D9DF912B080CF100514AF8 /* ChoiceOption.swift in Sources */ = {isa = PBXBuildFile; fileRef = 91D9DF902B080CF100514AF8 /* ChoiceOption.swift */; };
		91D9DF932B094EEB00514AF8 /* AuthenticationView.swift in Sources */ = {isa = PBXBuildFile; fileRef = 91D9DF922B094EEB00514AF8 /* AuthenticationView.swift */; };
		91F2B6CC2B064F3D00FA3AC3 /* CashCowApp.swift in Sources */ = {isa = PBXBuildFile; fileRef = 91F2B6CB2B064F3D00FA3AC3 /* CashCowApp.swift */; };
		91F2B6D02B064F3E00FA3AC3 /* Assets.xcassets in Resources */ = {isa = PBXBuildFile; fileRef = 91F2B6CF2B064F3E00FA3AC3 /* Assets.xcassets */; };
		91F2B6D32B064F3E00FA3AC3 /* Preview Assets.xcassets in Resources */ = {isa = PBXBuildFile; fileRef = 91F2B6D22B064F3E00FA3AC3 /* Preview Assets.xcassets */; };
		91F2B6DF2B0650D200FA3AC3 /* AuthManager.swift in Sources */ = {isa = PBXBuildFile; fileRef = 91F2B6DE2B0650D200FA3AC3 /* AuthManager.swift */; };
		91F2B6E42B06537200FA3AC3 /* FirebaseAnalytics in Frameworks */ = {isa = PBXBuildFile; productRef = 91F2B6E32B06537200FA3AC3 /* FirebaseAnalytics */; };
		91F2B6F62B06537200FA3AC3 /* FirebaseDatabase in Frameworks */ = {isa = PBXBuildFile; productRef = 91F2B6F52B06537200FA3AC3 /* FirebaseDatabase */; };
		91F2B6FC2B06537200FA3AC3 /* FirebaseFirestore in Frameworks */ = {isa = PBXBuildFile; productRef = 91F2B6FB2B06537200FA3AC3 /* FirebaseFirestore */; };
		91F2B7002B06537200FA3AC3 /* FirebaseFirestoreSwift in Frameworks */ = {isa = PBXBuildFile; productRef = 91F2B6FF2B06537200FA3AC3 /* FirebaseFirestoreSwift */; };
		91F2B70F2B065C2F00FA3AC3 /* FireUser.swift in Sources */ = {isa = PBXBuildFile; fileRef = 91F2B70E2B065C2F00FA3AC3 /* FireUser.swift */; };
		91F2B7112B065DBB00FA3AC3 /* FireChild.swift in Sources */ = {isa = PBXBuildFile; fileRef = 91F2B7102B065DBB00FA3AC3 /* FireChild.swift */; };
		91F2B7132B06613B00FA3AC3 /* OnboardingView1.swift in Sources */ = {isa = PBXBuildFile; fileRef = 91F2B7122B06613B00FA3AC3 /* OnboardingView1.swift */; };
		91F2B7162B0661C300FA3AC3 /* TextButtonView.swift in Sources */ = {isa = PBXBuildFile; fileRef = 91F2B7152B0661C300FA3AC3 /* TextButtonView.swift */; };
		91FD321C2B0D28C500018074 /* ChildrenListView.swift in Sources */ = {isa = PBXBuildFile; fileRef = 91FD321B2B0D28C500018074 /* ChildrenListView.swift */; };
		91FD321E2B0D38A600018074 /* SecondaryButtonView.swift in Sources */ = {isa = PBXBuildFile; fileRef = 91FD321D2B0D38A600018074 /* SecondaryButtonView.swift */; };
		91FD32202B0D428900018074 /* NumberPickerView.swift in Sources */ = {isa = PBXBuildFile; fileRef = 91FD321F2B0D428900018074 /* NumberPickerView.swift */; };
/* End PBXBuildFile section */

/* Begin PBXFileReference section */
		9111F6A92B0E4ABC00D66A55 /* ProfileImage.swift */ = {isa = PBXFileReference; lastKnownFileType = sourcecode.swift; path = ProfileImage.swift; sourceTree = "<group>"; };
		9111F6AB2B0E544A00D66A55 /* ImagePicker.swift */ = {isa = PBXFileReference; lastKnownFileType = sourcecode.swift; path = ImagePicker.swift; sourceTree = "<group>"; };
		9111F6AD2B0E5AF800D66A55 /* ButtonsForProfile.swift */ = {isa = PBXFileReference; lastKnownFileType = sourcecode.swift; path = ButtonsForProfile.swift; sourceTree = "<group>"; };
		914F313D2B0EA4BA004B2513 /* ChildProfileRepository.swift */ = {isa = PBXFileReference; lastKnownFileType = sourcecode.swift; path = ChildProfileRepository.swift; sourceTree = "<group>"; };
		914F31412B0EADCF004B2513 /* ChildProfileViewModel.swift */ = {isa = PBXFileReference; lastKnownFileType = sourcecode.swift; path = ChildProfileViewModel.swift; sourceTree = "<group>"; };
		914F31432B0EC8AC004B2513 /* ChildrenListViewModel.swift */ = {isa = PBXFileReference; lastKnownFileType = sourcecode.swift; path = ChildrenListViewModel.swift; sourceTree = "<group>"; };
		914F31472B0F7CC6004B2513 /* FamilyMemberPicker.swift */ = {isa = PBXFileReference; lastKnownFileType = sourcecode.swift; path = FamilyMemberPicker.swift; sourceTree = "<group>"; };
		914F31492B0F9AEA004B2513 /* NewChildView.swift */ = {isa = PBXFileReference; lastKnownFileType = sourcecode.swift; path = NewChildView.swift; sourceTree = "<group>"; };
		914F314F2B10A721004B2513 /* ImageSmallAndRound.swift */ = {isa = PBXFileReference; lastKnownFileType = sourcecode.swift; path = ImageSmallAndRound.swift; sourceTree = "<group>"; };
		914F31532B10BAB0004B2513 /* ChoiceOptionListForOverview.swift */ = {isa = PBXFileReference; lastKnownFileType = sourcecode.swift; path = ChoiceOptionListForOverview.swift; sourceTree = "<group>"; };
		91929AA02B096CC700C68AD2 /* AuthViewModel.swift */ = {isa = PBXFileReference; lastKnownFileType = sourcecode.swift; path = AuthViewModel.swift; sourceTree = "<group>"; };
		91929AA22B096DEA00C68AD2 /* HTTPError.swift */ = {isa = PBXFileReference; lastKnownFileType = sourcecode.swift; path = HTTPError.swift; sourceTree = "<group>"; };
		91929AA42B09754300C68AD2 /* AuthenticationMode.swift */ = {isa = PBXFileReference; lastKnownFileType = sourcecode.swift; path = AuthenticationMode.swift; sourceTree = "<group>"; };
		91929AA62B097E3C00C68AD2 /* OverviewView.swift */ = {isa = PBXFileReference; lastKnownFileType = sourcecode.swift; path = OverviewView.swift; sourceTree = "<group>"; };
		91929AA82B0B5E9C00C68AD2 /* Tab.swift */ = {isa = PBXFileReference; lastKnownFileType = sourcecode.swift; path = Tab.swift; sourceTree = "<group>"; };
		91929AAA2B0B728600C68AD2 /* ProfileRepository.swift */ = {isa = PBXFileReference; lastKnownFileType = sourcecode.swift; path = ProfileRepository.swift; sourceTree = "<group>"; };
		91929AAC2B0B929E00C68AD2 /* ProfileViewModel.swift */ = {isa = PBXFileReference; lastKnownFileType = sourcecode.swift; path = ProfileViewModel.swift; sourceTree = "<group>"; };
		91929AAE2B0CCB3A00C68AD2 /* NavigationBar.swift */ = {isa = PBXFileReference; lastKnownFileType = sourcecode.swift; path = NavigationBar.swift; sourceTree = "<group>"; };
		91929AB02B0CD1F700C68AD2 /* NavigatorView.swift */ = {isa = PBXFileReference; lastKnownFileType = sourcecode.swift; path = NavigatorView.swift; sourceTree = "<group>"; };
		91929AB22B0CD6D000C68AD2 /* TabViewForNavigationBar.swift */ = {isa = PBXFileReference; lastKnownFileType = sourcecode.swift; path = TabViewForNavigationBar.swift; sourceTree = "<group>"; };
		91929AB42B0CE89D00C68AD2 /* TabViewModel.swift */ = {isa = PBXFileReference; lastKnownFileType = sourcecode.swift; path = TabViewModel.swift; sourceTree = "<group>"; };
		91929AB62B0CF26D00C68AD2 /* TabViewForTabList.swift */ = {isa = PBXFileReference; lastKnownFileType = sourcecode.swift; path = TabViewForTabList.swift; sourceTree = "<group>"; };
		91929AB82B0CFB1600C68AD2 /* ProfileView.swift */ = {isa = PBXFileReference; lastKnownFileType = sourcecode.swift; path = ProfileView.swift; sourceTree = "<group>"; };
		91929ABA2B0CFFD700C68AD2 /* ProfileNameAndImage.swift */ = {isa = PBXFileReference; lastKnownFileType = sourcecode.swift; path = ProfileNameAndImage.swift; sourceTree = "<group>"; };
		91929ABC2B0D01B200C68AD2 /* SettingsButton.swift */ = {isa = PBXFileReference; lastKnownFileType = sourcecode.swift; path = SettingsButton.swift; sourceTree = "<group>"; };
		91929ABE2B0D0D3300C68AD2 /* DisplayForInputFields.swift */ = {isa = PBXFileReference; lastKnownFileType = sourcecode.swift; path = DisplayForInputFields.swift; sourceTree = "<group>"; };
		91929AC42B0D246300C68AD2 /* ChildAccountView.swift */ = {isa = PBXFileReference; lastKnownFileType = sourcecode.swift; path = ChildAccountView.swift; sourceTree = "<group>"; };
		919807992B148F21007D5507 /* EditButton.swift */ = {isa = PBXFileReference; lastKnownFileType = sourcecode.swift; path = EditButton.swift; sourceTree = "<group>"; };
		9198079B2B14BB9C007D5507 /* EditView.swift */ = {isa = PBXFileReference; lastKnownFileType = sourcecode.swift; path = EditView.swift; sourceTree = "<group>"; };
		9198079D2B14BD7E007D5507 /* EditViewModel.swift */ = {isa = PBXFileReference; lastKnownFileType = sourcecode.swift; path = EditViewModel.swift; sourceTree = "<group>"; };
		9198079F2B14EFB6007D5507 /* DisplayForEditFields.swift */ = {isa = PBXFileReference; lastKnownFileType = sourcecode.swift; path = DisplayForEditFields.swift; sourceTree = "<group>"; };
		919807A12B15EECF007D5507 /* HomeView.swift */ = {isa = PBXFileReference; lastKnownFileType = sourcecode.swift; path = HomeView.swift; sourceTree = "<group>"; };
		919807A32B16207D007D5507 /* SettingsViewModel.swift */ = {isa = PBXFileReference; lastKnownFileType = sourcecode.swift; path = SettingsViewModel.swift; sourceTree = "<group>"; };
		919807A92B173C2A007D5507 /* en */ = {isa = PBXFileReference; lastKnownFileType = text.plist.strings; name = en; path = en.lproj/Localizable.strings; sourceTree = "<group>"; };
		919807AC2B174650007D5507 /* de */ = {isa = PBXFileReference; lastKnownFileType = text.plist.strings; name = de; path = de.lproj/Localizable.strings; sourceTree = "<group>"; };
		919807AD2B1877DB007D5507 /* SettingsView.swift */ = {isa = PBXFileReference; lastKnownFileType = sourcecode.swift; path = SettingsView.swift; sourceTree = "<group>"; };
		91D9DF652B0773D000514AF8 /* GoogleService-Info.plist */ = {isa = PBXFileReference; fileEncoding = 4; lastKnownFileType = text.plist.xml; path = "GoogleService-Info.plist"; sourceTree = "<group>"; };
		91D9DF692B07798B00514AF8 /* FireSettings.swift */ = {isa = PBXFileReference; lastKnownFileType = sourcecode.swift; path = FireSettings.swift; sourceTree = "<group>"; };
		91D9DF6B2B07859D00514AF8 /* PrimaryButtonView.swift */ = {isa = PBXFileReference; lastKnownFileType = sourcecode.swift; path = PrimaryButtonView.swift; sourceTree = "<group>"; };
		91D9DF6E2B0788E600514AF8 /* OnboardingView2.swift */ = {isa = PBXFileReference; lastKnownFileType = sourcecode.swift; path = OnboardingView2.swift; sourceTree = "<group>"; };
		91D9DF702B07896800514AF8 /* LoginButton.swift */ = {isa = PBXFileReference; lastKnownFileType = sourcecode.swift; path = LoginButton.swift; sourceTree = "<group>"; };
		91D9DF722B078A0600514AF8 /* TitleWithAnimation.swift */ = {isa = PBXFileReference; lastKnownFileType = sourcecode.swift; path = TitleWithAnimation.swift; sourceTree = "<group>"; };
		91D9DF752B0798F900514AF8 /* Strings.swift */ = {isa = PBXFileReference; lastKnownFileType = sourcecode.swift; path = Strings.swift; sourceTree = "<group>"; };
		91D9DF772B079AB600514AF8 /* Colors.swift */ = {isa = PBXFileReference; lastKnownFileType = sourcecode.swift; path = Colors.swift; sourceTree = "<group>"; };
		91D9DF792B07B39800514AF8 /* CashCowAnimation.swift */ = {isa = PBXFileReference; lastKnownFileType = sourcecode.swift; path = CashCowAnimation.swift; sourceTree = "<group>"; };
		91D9DF7B2B07BAA000514AF8 /* LoginView.swift */ = {isa = PBXFileReference; lastKnownFileType = sourcecode.swift; path = LoginView.swift; sourceTree = "<group>"; };
		91D9DF7D2B07C56400514AF8 /* SelectionAdultView.swift */ = {isa = PBXFileReference; lastKnownFileType = sourcecode.swift; path = SelectionAdultView.swift; sourceTree = "<group>"; };
		91D9DF7F2B07C7A600514AF8 /* AppIcon.swift */ = {isa = PBXFileReference; lastKnownFileType = sourcecode.swift; path = AppIcon.swift; sourceTree = "<group>"; };
		91D9DF812B07D38900514AF8 /* OnboardingView3.swift */ = {isa = PBXFileReference; lastKnownFileType = sourcecode.swift; path = OnboardingView3.swift; sourceTree = "<group>"; };
		91D9DF832B07D6B500514AF8 /* SelectionChildButton.swift */ = {isa = PBXFileReference; lastKnownFileType = sourcecode.swift; path = SelectionChildButton.swift; sourceTree = "<group>"; };
		91D9DF852B07DE4F00514AF8 /* SelectionFaceIdAndFingerprintButton.swift */ = {isa = PBXFileReference; lastKnownFileType = sourcecode.swift; path = SelectionFaceIdAndFingerprintButton.swift; sourceTree = "<group>"; };
		91D9DF872B0803A600514AF8 /* SelectionEnterWithCodeButton.swift */ = {isa = PBXFileReference; lastKnownFileType = sourcecode.swift; path = SelectionEnterWithCodeButton.swift; sourceTree = "<group>"; };
		91D9DF892B08062B00514AF8 /* SelectionChoiceOption.swift */ = {isa = PBXFileReference; lastKnownFileType = sourcecode.swift; path = SelectionChoiceOption.swift; sourceTree = "<group>"; };
		91D9DF8B2B080ABE00514AF8 /* OnboardingView4.swift */ = {isa = PBXFileReference; lastKnownFileType = sourcecode.swift; path = OnboardingView4.swift; sourceTree = "<group>"; };
		91D9DF902B080CF100514AF8 /* ChoiceOption.swift */ = {isa = PBXFileReference; lastKnownFileType = sourcecode.swift; path = ChoiceOption.swift; sourceTree = "<group>"; };
		91D9DF922B094EEB00514AF8 /* AuthenticationView.swift */ = {isa = PBXFileReference; lastKnownFileType = sourcecode.swift; path = AuthenticationView.swift; sourceTree = "<group>"; };
		91F2B6C82B064F3D00FA3AC3 /* CashCow.app */ = {isa = PBXFileReference; explicitFileType = wrapper.application; includeInIndex = 0; path = CashCow.app; sourceTree = BUILT_PRODUCTS_DIR; };
		91F2B6CB2B064F3D00FA3AC3 /* CashCowApp.swift */ = {isa = PBXFileReference; lastKnownFileType = sourcecode.swift; path = CashCowApp.swift; sourceTree = "<group>"; };
		91F2B6CF2B064F3E00FA3AC3 /* Assets.xcassets */ = {isa = PBXFileReference; lastKnownFileType = folder.assetcatalog; path = Assets.xcassets; sourceTree = "<group>"; };
		91F2B6D22B064F3E00FA3AC3 /* Preview Assets.xcassets */ = {isa = PBXFileReference; lastKnownFileType = folder.assetcatalog; path = "Preview Assets.xcassets"; sourceTree = "<group>"; };
		91F2B6DE2B0650D200FA3AC3 /* AuthManager.swift */ = {isa = PBXFileReference; lastKnownFileType = sourcecode.swift; path = AuthManager.swift; sourceTree = "<group>"; };
		91F2B70E2B065C2F00FA3AC3 /* FireUser.swift */ = {isa = PBXFileReference; lastKnownFileType = sourcecode.swift; path = FireUser.swift; sourceTree = "<group>"; };
		91F2B7102B065DBB00FA3AC3 /* FireChild.swift */ = {isa = PBXFileReference; lastKnownFileType = sourcecode.swift; path = FireChild.swift; sourceTree = "<group>"; };
		91F2B7122B06613B00FA3AC3 /* OnboardingView1.swift */ = {isa = PBXFileReference; lastKnownFileType = sourcecode.swift; path = OnboardingView1.swift; sourceTree = "<group>"; };
		91F2B7152B0661C300FA3AC3 /* TextButtonView.swift */ = {isa = PBXFileReference; lastKnownFileType = sourcecode.swift; path = TextButtonView.swift; sourceTree = "<group>"; };
		91FD321B2B0D28C500018074 /* ChildrenListView.swift */ = {isa = PBXFileReference; lastKnownFileType = sourcecode.swift; path = ChildrenListView.swift; sourceTree = "<group>"; };
		91FD321D2B0D38A600018074 /* SecondaryButtonView.swift */ = {isa = PBXFileReference; lastKnownFileType = sourcecode.swift; path = SecondaryButtonView.swift; sourceTree = "<group>"; };
		91FD321F2B0D428900018074 /* NumberPickerView.swift */ = {isa = PBXFileReference; lastKnownFileType = sourcecode.swift; path = NumberPickerView.swift; sourceTree = "<group>"; };
/* End PBXFileReference section */

/* Begin PBXFrameworksBuildPhase section */
		91F2B6C52B064F3D00FA3AC3 /* Frameworks */ = {
			isa = PBXFrameworksBuildPhase;
			buildActionMask = 2147483647;
			files = (
				914F31772B129383004B2513 /* FirebaseAnalyticsWithoutAdIdSupport in Frameworks */,
				914F31752B129383004B2513 /* FirebaseAnalyticsSwift in Frameworks */,
				9111F6C42B0E98CE00D66A55 /* FirebaseDatabaseSwift in Frameworks */,
				9111F6B42B0E98CE00D66A55 /* FirebaseAnalyticsSwift in Frameworks */,
				914F31792B129383004B2513 /* FirebaseAppCheck in Frameworks */,
				914F31732B129383004B2513 /* FirebaseAnalyticsOnDeviceConversion in Frameworks */,
				91F2B6F62B06537200FA3AC3 /* FirebaseDatabase in Frameworks */,
				91F2B6FC2B06537200FA3AC3 /* FirebaseFirestore in Frameworks */,
				9111F70C2B0E9AB200D66A55 /* FirebaseStorage in Frameworks */,
				9111F6F02B0E9AB200D66A55 /* FirebaseAuth in Frameworks */,
				91F2B6E42B06537200FA3AC3 /* FirebaseAnalytics in Frameworks */,
				9111F6F42B0E9AB200D66A55 /* FirebaseCrashlytics in Frameworks */,
				914F31712B129383004B2513 /* FirebaseAnalytics in Frameworks */,
				91F2B7002B06537200FA3AC3 /* FirebaseFirestoreSwift in Frameworks */,
			);
			runOnlyForDeploymentPostprocessing = 0;
		};
/* End PBXFrameworksBuildPhase section */

/* Begin PBXGroup section */
		914F314B2B10A559004B2513 /* Images */ = {
			isa = PBXGroup;
			children = (
				91D9DF7F2B07C7A600514AF8 /* AppIcon.swift */,
				9111F6A92B0E4ABC00D66A55 /* ProfileImage.swift */,
				91929ABA2B0CFFD700C68AD2 /* ProfileNameAndImage.swift */,
			);
			path = Images;
			sourceTree = "<group>";
		};
		914F314E2B10A6AE004B2513 /* Modifier */ = {
			isa = PBXGroup;
			children = (
				914F314F2B10A721004B2513 /* ImageSmallAndRound.swift */,
			);
			path = Modifier;
			sourceTree = "<group>";
		};
		914F31512B10B9BD004B2513 /* Navigator */ = {
			isa = PBXGroup;
			children = (
				91929AAE2B0CCB3A00C68AD2 /* NavigationBar.swift */,
				91929AB22B0CD6D000C68AD2 /* TabViewForNavigationBar.swift */,
				91929AB02B0CD1F700C68AD2 /* NavigatorView.swift */,
				91929AB62B0CF26D00C68AD2 /* TabViewForTabList.swift */,
			);
			path = Navigator;
			sourceTree = "<group>";
		};
		914F31522B10BA11004B2513 /* ListViews */ = {
			isa = PBXGroup;
			children = (
				91FD321B2B0D28C500018074 /* ChildrenListView.swift */,
				914F31532B10BAB0004B2513 /* ChoiceOptionListForOverview.swift */,
			);
			path = ListViews;
			sourceTree = "<group>";
		};
		919807A52B1734C0007D5507 /* Strings */ = {
			isa = PBXGroup;
			children = (
				91D9DF752B0798F900514AF8 /* Strings.swift */,
				919807AA2B173C2A007D5507 /* Localizable.strings */,
			);
			path = Strings;
			sourceTree = "<group>";
		};
		91D9DF6D2B0788B600514AF8 /* Onboarding */ = {
			isa = PBXGroup;
			children = (
				91F2B7122B06613B00FA3AC3 /* OnboardingView1.swift */,
				91D9DF6E2B0788E600514AF8 /* OnboardingView2.swift */,
				91D9DF812B07D38900514AF8 /* OnboardingView3.swift */,
				91D9DF8B2B080ABE00514AF8 /* OnboardingView4.swift */,
			);
			path = Onboarding;
			sourceTree = "<group>";
		};
		91D9DF742B07988000514AF8 /* Resources */ = {
			isa = PBXGroup;
			children = (
				919807A52B1734C0007D5507 /* Strings */,
				91D9DF772B079AB600514AF8 /* Colors.swift */,
			);
			path = Resources;
			sourceTree = "<group>";
		};
		91D9DF8F2B080CD900514AF8 /* Enums */ = {
			isa = PBXGroup;
			children = (
				91D9DF902B080CF100514AF8 /* ChoiceOption.swift */,
				91929AA22B096DEA00C68AD2 /* HTTPError.swift */,
				91929AA42B09754300C68AD2 /* AuthenticationMode.swift */,
				91929AA82B0B5E9C00C68AD2 /* Tab.swift */,
			);
			path = Enums;
			sourceTree = "<group>";
		};
		91F2B6BF2B064F3D00FA3AC3 = {
			isa = PBXGroup;
			children = (
				91F2B6CA2B064F3D00FA3AC3 /* CashCow */,
				91F2B6C92B064F3D00FA3AC3 /* Products */,
			);
			sourceTree = "<group>";
		};
		91F2B6C92B064F3D00FA3AC3 /* Products */ = {
			isa = PBXGroup;
			children = (
				91F2B6C82B064F3D00FA3AC3 /* CashCow.app */,
			);
			name = Products;
			sourceTree = "<group>";
		};
		91F2B6CA2B064F3D00FA3AC3 /* CashCow */ = {
			isa = PBXGroup;
			children = (
				91F2B6CB2B064F3D00FA3AC3 /* CashCowApp.swift */,
				91D9DF742B07988000514AF8 /* Resources */,
				91D9DF8F2B080CD900514AF8 /* Enums */,
				91F2B6D92B064F8700FA3AC3 /* Models */,
				91F2B6DD2B0650B100FA3AC3 /* Managers */,
				91F2B6DC2B064FC100FA3AC3 /* Repositories */,
				91F2B6DA2B064F9400FA3AC3 /* ViewModels */,
				91F2B6DB2B064FA900FA3AC3 /* Views */,
				91F2B6CF2B064F3E00FA3AC3 /* Assets.xcassets */,
				91D9DF652B0773D000514AF8 /* GoogleService-Info.plist */,
				91F2B6D12B064F3E00FA3AC3 /* Preview Content */,
			);
			path = CashCow;
			sourceTree = "<group>";
		};
		91F2B6D12B064F3E00FA3AC3 /* Preview Content */ = {
			isa = PBXGroup;
			children = (
				91F2B6D22B064F3E00FA3AC3 /* Preview Assets.xcassets */,
			);
			path = "Preview Content";
			sourceTree = "<group>";
		};
		91F2B6D92B064F8700FA3AC3 /* Models */ = {
			isa = PBXGroup;
			children = (
				91F2B70E2B065C2F00FA3AC3 /* FireUser.swift */,
				91F2B7102B065DBB00FA3AC3 /* FireChild.swift */,
				91D9DF692B07798B00514AF8 /* FireSettings.swift */,
			);
			path = Models;
			sourceTree = "<group>";
		};
		91F2B6DA2B064F9400FA3AC3 /* ViewModels */ = {
			isa = PBXGroup;
			children = (
				91929AA02B096CC700C68AD2 /* AuthViewModel.swift */,
				91929AAC2B0B929E00C68AD2 /* ProfileViewModel.swift */,
				91929AB42B0CE89D00C68AD2 /* TabViewModel.swift */,
				914F31412B0EADCF004B2513 /* ChildProfileViewModel.swift */,
				914F31432B0EC8AC004B2513 /* ChildrenListViewModel.swift */,
				9198079D2B14BD7E007D5507 /* EditViewModel.swift */,
				919807A32B16207D007D5507 /* SettingsViewModel.swift */,
			);
			path = ViewModels;
			sourceTree = "<group>";
		};
		91F2B6DB2B064FA900FA3AC3 /* Views */ = {
			isa = PBXGroup;
			children = (
				91D9DF922B094EEB00514AF8 /* AuthenticationView.swift */,
				91D9DF7B2B07BAA000514AF8 /* LoginView.swift */,
				919807A12B15EECF007D5507 /* HomeView.swift */,
				91929AA62B097E3C00C68AD2 /* OverviewView.swift */,
				91929AB82B0CFB1600C68AD2 /* ProfileView.swift */,
				914F31492B0F9AEA004B2513 /* NewChildView.swift */,
				91929AC42B0D246300C68AD2 /* ChildAccountView.swift */,
				9198079B2B14BB9C007D5507 /* EditView.swift */,
				919807AD2B1877DB007D5507 /* SettingsView.swift */,
				91FD32242B0E206400018074 /* Picker */,
				91D9DF6D2B0788B600514AF8 /* Onboarding */,
				91F2B7142B0661A900FA3AC3 /* Components */,
			);
			path = Views;
			sourceTree = "<group>";
		};
		91F2B6DC2B064FC100FA3AC3 /* Repositories */ = {
			isa = PBXGroup;
			children = (
				91929AAA2B0B728600C68AD2 /* ProfileRepository.swift */,
				914F313D2B0EA4BA004B2513 /* ChildProfileRepository.swift */,
			);
			path = Repositories;
			sourceTree = "<group>";
		};
		91F2B6DD2B0650B100FA3AC3 /* Managers */ = {
			isa = PBXGroup;
			children = (
				91F2B6DE2B0650D200FA3AC3 /* AuthManager.swift */,
			);
			path = Managers;
			sourceTree = "<group>";
		};
		91F2B7142B0661A900FA3AC3 /* Components */ = {
			isa = PBXGroup;
			children = (
				914F314E2B10A6AE004B2513 /* Modifier */,
				914F31522B10BA11004B2513 /* ListViews */,
				914F314B2B10A559004B2513 /* Images */,
				91FD32252B0E208D00018074 /* Buttons */,
				91FD32232B0E201900018074 /* OnboardingComponents */,
				914F31512B10B9BD004B2513 /* Navigator */,
				91929ABE2B0D0D3300C68AD2 /* DisplayForInputFields.swift */,
				9198079F2B14EFB6007D5507 /* DisplayForEditFields.swift */,
			);
			path = Components;
			sourceTree = "<group>";
		};
		91FD32232B0E201900018074 /* OnboardingComponents */ = {
			isa = PBXGroup;
			children = (
				91FD32262B0E20CD00018074 /* Buttons */,
				91D9DF792B07B39800514AF8 /* CashCowAnimation.swift */,
				91D9DF722B078A0600514AF8 /* TitleWithAnimation.swift */,
				91D9DF7D2B07C56400514AF8 /* SelectionAdultView.swift */,
				91D9DF892B08062B00514AF8 /* SelectionChoiceOption.swift */,
			);
			path = OnboardingComponents;
			sourceTree = "<group>";
		};
		91FD32242B0E206400018074 /* Picker */ = {
			isa = PBXGroup;
			children = (
				91FD321F2B0D428900018074 /* NumberPickerView.swift */,
				9111F6AB2B0E544A00D66A55 /* ImagePicker.swift */,
				914F31472B0F7CC6004B2513 /* FamilyMemberPicker.swift */,
			);
			path = Picker;
			sourceTree = "<group>";
		};
		91FD32252B0E208D00018074 /* Buttons */ = {
			isa = PBXGroup;
			children = (
				91D9DF702B07896800514AF8 /* LoginButton.swift */,
				91F2B7152B0661C300FA3AC3 /* TextButtonView.swift */,
				91D9DF6B2B07859D00514AF8 /* PrimaryButtonView.swift */,
				91FD321D2B0D38A600018074 /* SecondaryButtonView.swift */,
				919807992B148F21007D5507 /* EditButton.swift */,
				91929ABC2B0D01B200C68AD2 /* SettingsButton.swift */,
				9111F6AD2B0E5AF800D66A55 /* ButtonsForProfile.swift */,
			);
			path = Buttons;
			sourceTree = "<group>";
		};
		91FD32262B0E20CD00018074 /* Buttons */ = {
			isa = PBXGroup;
			children = (
				91D9DF872B0803A600514AF8 /* SelectionEnterWithCodeButton.swift */,
				91D9DF852B07DE4F00514AF8 /* SelectionFaceIdAndFingerprintButton.swift */,
				91D9DF832B07D6B500514AF8 /* SelectionChildButton.swift */,
			);
			path = Buttons;
			sourceTree = "<group>";
		};
/* End PBXGroup section */

/* Begin PBXNativeTarget section */
		91F2B6C72B064F3D00FA3AC3 /* CashCow */ = {
			isa = PBXNativeTarget;
			buildConfigurationList = 91F2B6D62B064F3E00FA3AC3 /* Build configuration list for PBXNativeTarget "CashCow" */;
			buildPhases = (
				91F2B6C42B064F3D00FA3AC3 /* Sources */,
				91F2B6C52B064F3D00FA3AC3 /* Frameworks */,
				91F2B6C62B064F3D00FA3AC3 /* Resources */,
				91F2B70B2B06548D00FA3AC3 /* Crashlytics */,
				919807AF2B187D13007D5507 /* SwiftLint */,
			);
			buildRules = (
			);
			dependencies = (
			);
			name = CashCow;
			packageProductDependencies = (
				91F2B6E32B06537200FA3AC3 /* FirebaseAnalytics */,
				91F2B6F52B06537200FA3AC3 /* FirebaseDatabase */,
				91F2B6FB2B06537200FA3AC3 /* FirebaseFirestore */,
				91F2B6FF2B06537200FA3AC3 /* FirebaseFirestoreSwift */,
				9111F6B32B0E98CE00D66A55 /* FirebaseAnalyticsSwift */,
				9111F6C32B0E98CE00D66A55 /* FirebaseDatabaseSwift */,
				9111F6EF2B0E9AB200D66A55 /* FirebaseAuth */,
				9111F6F32B0E9AB200D66A55 /* FirebaseCrashlytics */,
				9111F70B2B0E9AB200D66A55 /* FirebaseStorage */,
				914F31702B129383004B2513 /* FirebaseAnalytics */,
				914F31722B129383004B2513 /* FirebaseAnalyticsOnDeviceConversion */,
				914F31742B129383004B2513 /* FirebaseAnalyticsSwift */,
				914F31762B129383004B2513 /* FirebaseAnalyticsWithoutAdIdSupport */,
				914F31782B129383004B2513 /* FirebaseAppCheck */,
			);
			productName = CashCow;
			productReference = 91F2B6C82B064F3D00FA3AC3 /* CashCow.app */;
			productType = "com.apple.product-type.application";
		};
/* End PBXNativeTarget section */

/* Begin PBXProject section */
		91F2B6C02B064F3D00FA3AC3 /* Project object */ = {
			isa = PBXProject;
			attributes = {
				BuildIndependentTargetsInParallel = 1;
				LastSwiftUpdateCheck = 1500;
				LastUpgradeCheck = 1500;
				TargetAttributes = {
					91F2B6C72B064F3D00FA3AC3 = {
						CreatedOnToolsVersion = 15.0.1;
					};
				};
			};
			buildConfigurationList = 91F2B6C32B064F3D00FA3AC3 /* Build configuration list for PBXProject "CashCow" */;
			compatibilityVersion = "Xcode 14.0";
			developmentRegion = en;
			hasScannedForEncodings = 0;
			knownRegions = (
				en,
				Base,
				de,
			);
			mainGroup = 91F2B6BF2B064F3D00FA3AC3;
			packageReferences = (
				91F2B6E22B06537200FA3AC3 /* XCRemoteSwiftPackageReference "firebase-ios-sdk" */,
			);
			productRefGroup = 91F2B6C92B064F3D00FA3AC3 /* Products */;
			projectDirPath = "";
			projectRoot = "";
			targets = (
				91F2B6C72B064F3D00FA3AC3 /* CashCow */,
			);
		};
/* End PBXProject section */

/* Begin PBXResourcesBuildPhase section */
		91F2B6C62B064F3D00FA3AC3 /* Resources */ = {
			isa = PBXResourcesBuildPhase;
			buildActionMask = 2147483647;
			files = (
				91F2B6D32B064F3E00FA3AC3 /* Preview Assets.xcassets in Resources */,
				919807A82B173C2A007D5507 /* Localizable.strings in Resources */,
				91F2B6D02B064F3E00FA3AC3 /* Assets.xcassets in Resources */,
				91D9DF662B0773D000514AF8 /* GoogleService-Info.plist in Resources */,
			);
			runOnlyForDeploymentPostprocessing = 0;
		};
/* End PBXResourcesBuildPhase section */

/* Begin PBXShellScriptBuildPhase section */
		919807AF2B187D13007D5507 /* SwiftLint */ = {
			isa = PBXShellScriptBuildPhase;
			alwaysOutOfDate = 1;
			buildActionMask = 2147483647;
			files = (
			);
			inputFileListPaths = (
			);
			inputPaths = (
			);
			name = SwiftLint;
			outputFileListPaths = (
			);
			outputPaths = (
			);
			runOnlyForDeploymentPostprocessing = 0;
			shellPath = /bin/sh;
			shellScript = "# Type a script or drag a script file from your workspace to insert its path.\nexport PATH=\"$PATH:/opt/homebrew/bin\"\nif which swiftlint > /dev/null; then\nswiftlint\nelse\necho \"warning: SwiftLint not installed, download from https://github.com/realm/SwiftLint\"\nfi\n";
		};
		91F2B70B2B06548D00FA3AC3 /* Crashlytics */ = {
			isa = PBXShellScriptBuildPhase;
			alwaysOutOfDate = 1;
			buildActionMask = 2147483647;
			files = (
			);
			inputFileListPaths = (
			);
			inputPaths = (
				"${DWARF_DSYM_FOLDER_PATH}/${DWARF_DSYM_FILE_NAME}",
				"${DWARF_DSYM_FOLDER_PATH}/${DWARF_DSYM_FILE_NAME}/Contents/Resources/DWARF/${PRODUCT_NAME}",
				"${DWARF_DSYM_FOLDER_PATH}/${DWARF_DSYM_FILE_NAME}/Contents/Info.plist",
				"$(TARGET_BUILD_DIR)/$(UNLOCALIZED_RESOURCES_FOLDER_PATH)/GoogleService-Info.plist",
				"$(TARGET_BUILD_DIR)/$(EXECUTABLE_PATH)",
			);
			name = Crashlytics;
			outputFileListPaths = (
			);
			outputPaths = (
			);
			runOnlyForDeploymentPostprocessing = 0;
			shellPath = /bin/sh;
			shellScript = "\"${BUILD_DIR%/Build/*}/SourcePackages/checkouts/firebase-ios-sdk/Crashlytics/run\"\n";
		};
/* End PBXShellScriptBuildPhase section */

/* Begin PBXSourcesBuildPhase section */
		91F2B6C42B064F3D00FA3AC3 /* Sources */ = {
			isa = PBXSourcesBuildPhase;
			buildActionMask = 2147483647;
			files = (
				91D9DF862B07DE4F00514AF8 /* SelectionFaceIdAndFingerprintButton.swift in Sources */,
				9111F6AA2B0E4ABC00D66A55 /* ProfileImage.swift in Sources */,
				91F2B6DF2B0650D200FA3AC3 /* AuthManager.swift in Sources */,
				914F31422B0EADCF004B2513 /* ChildProfileViewModel.swift in Sources */,
				91929AB12B0CD1F700C68AD2 /* NavigatorView.swift in Sources */,
				91D9DF7E2B07C56400514AF8 /* SelectionAdultView.swift in Sources */,
				914F31482B0F7CC6004B2513 /* FamilyMemberPicker.swift in Sources */,
				91929AAB2B0B728600C68AD2 /* ProfileRepository.swift in Sources */,
				9111F6AE2B0E5AF800D66A55 /* ButtonsForProfile.swift in Sources */,
				91D9DF782B079AB600514AF8 /* Colors.swift in Sources */,
				91929AAF2B0CCB3A00C68AD2 /* NavigationBar.swift in Sources */,
				91D9DF712B07896800514AF8 /* LoginButton.swift in Sources */,
				91929ABF2B0D0D3300C68AD2 /* DisplayForInputFields.swift in Sources */,
				91929AA12B096CC700C68AD2 /* AuthViewModel.swift in Sources */,
				91929AA32B096DEA00C68AD2 /* HTTPError.swift in Sources */,
				914F314A2B0F9AEA004B2513 /* NewChildView.swift in Sources */,
				91929AA92B0B5E9C00C68AD2 /* Tab.swift in Sources */,
				91D9DF802B07C7A600514AF8 /* AppIcon.swift in Sources */,
				91FD321C2B0D28C500018074 /* ChildrenListView.swift in Sources */,
				91929ABD2B0D01B200C68AD2 /* SettingsButton.swift in Sources */,
				914F31502B10A721004B2513 /* ImageSmallAndRound.swift in Sources */,
				91D9DF882B0803A600514AF8 /* SelectionEnterWithCodeButton.swift in Sources */,
				914F313E2B0EA4BA004B2513 /* ChildProfileRepository.swift in Sources */,
				91D9DF912B080CF100514AF8 /* ChoiceOption.swift in Sources */,
				914F31542B10BAB0004B2513 /* ChoiceOptionListForOverview.swift in Sources */,
				91D9DF6A2B07798B00514AF8 /* FireSettings.swift in Sources */,
				91D9DF932B094EEB00514AF8 /* AuthenticationView.swift in Sources */,
				91929AB92B0CFB1600C68AD2 /* ProfileView.swift in Sources */,
				91929AB72B0CF26D00C68AD2 /* TabViewForTabList.swift in Sources */,
				919807AE2B1877DB007D5507 /* SettingsView.swift in Sources */,
				91929AB52B0CE89D00C68AD2 /* TabViewModel.swift in Sources */,
				91D9DF6C2B07859D00514AF8 /* PrimaryButtonView.swift in Sources */,
				91929AA72B097E3C00C68AD2 /* OverviewView.swift in Sources */,
				91F2B7162B0661C300FA3AC3 /* TextButtonView.swift in Sources */,
				919807A22B15EECF007D5507 /* HomeView.swift in Sources */,
				91929AB32B0CD6D000C68AD2 /* TabViewForNavigationBar.swift in Sources */,
				91D9DF762B0798F900514AF8 /* Strings.swift in Sources */,
				91929AAD2B0B929E00C68AD2 /* ProfileViewModel.swift in Sources */,
				91F2B70F2B065C2F00FA3AC3 /* FireUser.swift in Sources */,
				919807A42B16207D007D5507 /* SettingsViewModel.swift in Sources */,
				9198079A2B148F21007D5507 /* EditButton.swift in Sources */,
				9198079E2B14BD7E007D5507 /* EditViewModel.swift in Sources */,
				91FD321E2B0D38A600018074 /* SecondaryButtonView.swift in Sources */,
				91D9DF7A2B07B39800514AF8 /* CashCowAnimation.swift in Sources */,
				91D9DF7C2B07BAA000514AF8 /* LoginView.swift in Sources */,
				91D9DF822B07D38900514AF8 /* OnboardingView3.swift in Sources */,
				91929AC52B0D246300C68AD2 /* ChildAccountView.swift in Sources */,
				91F2B7132B06613B00FA3AC3 /* OnboardingView1.swift in Sources */,
				91929AA52B09754300C68AD2 /* AuthenticationMode.swift in Sources */,
				91D9DF8C2B080ABE00514AF8 /* OnboardingView4.swift in Sources */,
				91D9DF8A2B08062B00514AF8 /* SelectionChoiceOption.swift in Sources */,
				9198079C2B14BB9C007D5507 /* EditView.swift in Sources */,
				914F31442B0EC8AC004B2513 /* ChildrenListViewModel.swift in Sources */,
				91D9DF842B07D6B500514AF8 /* SelectionChildButton.swift in Sources */,
				91929ABB2B0CFFD700C68AD2 /* ProfileNameAndImage.swift in Sources */,
				91D9DF732B078A0600514AF8 /* TitleWithAnimation.swift in Sources */,
				919807A02B14EFB6007D5507 /* DisplayForEditFields.swift in Sources */,
				91FD32202B0D428900018074 /* NumberPickerView.swift in Sources */,
				91F2B7112B065DBB00FA3AC3 /* FireChild.swift in Sources */,
				9111F6AC2B0E544A00D66A55 /* ImagePicker.swift in Sources */,
				91F2B6CC2B064F3D00FA3AC3 /* CashCowApp.swift in Sources */,
				91D9DF6F2B0788E600514AF8 /* OnboardingView2.swift in Sources */,
			);
			runOnlyForDeploymentPostprocessing = 0;
		};
/* End PBXSourcesBuildPhase section */

/* Begin PBXVariantGroup section */
		919807AA2B173C2A007D5507 /* Localizable.strings */ = {
			isa = PBXVariantGroup;
			children = (
				919807A92B173C2A007D5507 /* en */,
				919807AC2B174650007D5507 /* de */,
			);
			name = Localizable.strings;
			sourceTree = "<group>";
		};
/* End PBXVariantGroup section */

/* Begin XCBuildConfiguration section */
		91F2B6D42B064F3E00FA3AC3 /* Debug */ = {
			isa = XCBuildConfiguration;
			buildSettings = {
				ALWAYS_SEARCH_USER_PATHS = NO;
				ASSETCATALOG_COMPILER_GENERATE_SWIFT_ASSET_SYMBOL_EXTENSIONS = YES;
				CLANG_ANALYZER_NONNULL = YES;
				CLANG_ANALYZER_NUMBER_OBJECT_CONVERSION = YES_AGGRESSIVE;
				CLANG_CXX_LANGUAGE_STANDARD = "gnu++20";
				CLANG_ENABLE_MODULES = YES;
				CLANG_ENABLE_OBJC_ARC = YES;
				CLANG_ENABLE_OBJC_WEAK = YES;
				CLANG_WARN_BLOCK_CAPTURE_AUTORELEASING = YES;
				CLANG_WARN_BOOL_CONVERSION = YES;
				CLANG_WARN_COMMA = YES;
				CLANG_WARN_CONSTANT_CONVERSION = YES;
				CLANG_WARN_DEPRECATED_OBJC_IMPLEMENTATIONS = YES;
				CLANG_WARN_DIRECT_OBJC_ISA_USAGE = YES_ERROR;
				CLANG_WARN_DOCUMENTATION_COMMENTS = YES;
				CLANG_WARN_EMPTY_BODY = YES;
				CLANG_WARN_ENUM_CONVERSION = YES;
				CLANG_WARN_INFINITE_RECURSION = YES;
				CLANG_WARN_INT_CONVERSION = YES;
				CLANG_WARN_NON_LITERAL_NULL_CONVERSION = YES;
				CLANG_WARN_OBJC_IMPLICIT_RETAIN_SELF = YES;
				CLANG_WARN_OBJC_LITERAL_CONVERSION = YES;
				CLANG_WARN_OBJC_ROOT_CLASS = YES_ERROR;
				CLANG_WARN_QUOTED_INCLUDE_IN_FRAMEWORK_HEADER = YES;
				CLANG_WARN_RANGE_LOOP_ANALYSIS = YES;
				CLANG_WARN_STRICT_PROTOTYPES = YES;
				CLANG_WARN_SUSPICIOUS_MOVE = YES;
				CLANG_WARN_UNGUARDED_AVAILABILITY = YES_AGGRESSIVE;
				CLANG_WARN_UNREACHABLE_CODE = YES;
				CLANG_WARN__DUPLICATE_METHOD_MATCH = YES;
				COPY_PHASE_STRIP = NO;
				DEBUG_INFORMATION_FORMAT = "dwarf-with-dsym";
				ENABLE_STRICT_OBJC_MSGSEND = YES;
				ENABLE_TESTABILITY = YES;
				ENABLE_USER_SCRIPT_SANDBOXING = YES;
				GCC_C_LANGUAGE_STANDARD = gnu17;
				GCC_DYNAMIC_NO_PIC = NO;
				GCC_NO_COMMON_BLOCKS = YES;
				GCC_OPTIMIZATION_LEVEL = 0;
				GCC_PREPROCESSOR_DEFINITIONS = (
					"DEBUG=1",
					"$(inherited)",
				);
				GCC_WARN_64_TO_32_BIT_CONVERSION = YES;
				GCC_WARN_ABOUT_RETURN_TYPE = YES_ERROR;
				GCC_WARN_UNDECLARED_SELECTOR = YES;
				GCC_WARN_UNINITIALIZED_AUTOS = YES_AGGRESSIVE;
				GCC_WARN_UNUSED_FUNCTION = YES;
				GCC_WARN_UNUSED_VARIABLE = YES;
				IPHONEOS_DEPLOYMENT_TARGET = 17.0;
				LOCALIZATION_PREFERS_STRING_CATALOGS = YES;
				MTL_ENABLE_DEBUG_INFO = INCLUDE_SOURCE;
				MTL_FAST_MATH = YES;
				ONLY_ACTIVE_ARCH = YES;
				SDKROOT = iphoneos;
				SWIFT_ACTIVE_COMPILATION_CONDITIONS = "DEBUG $(inherited)";
				SWIFT_OPTIMIZATION_LEVEL = "-Onone";
			};
			name = Debug;
		};
		91F2B6D52B064F3E00FA3AC3 /* Release */ = {
			isa = XCBuildConfiguration;
			buildSettings = {
				ALWAYS_SEARCH_USER_PATHS = NO;
				ASSETCATALOG_COMPILER_GENERATE_SWIFT_ASSET_SYMBOL_EXTENSIONS = YES;
				CLANG_ANALYZER_NONNULL = YES;
				CLANG_ANALYZER_NUMBER_OBJECT_CONVERSION = YES_AGGRESSIVE;
				CLANG_CXX_LANGUAGE_STANDARD = "gnu++20";
				CLANG_ENABLE_MODULES = YES;
				CLANG_ENABLE_OBJC_ARC = YES;
				CLANG_ENABLE_OBJC_WEAK = YES;
				CLANG_WARN_BLOCK_CAPTURE_AUTORELEASING = YES;
				CLANG_WARN_BOOL_CONVERSION = YES;
				CLANG_WARN_COMMA = YES;
				CLANG_WARN_CONSTANT_CONVERSION = YES;
				CLANG_WARN_DEPRECATED_OBJC_IMPLEMENTATIONS = YES;
				CLANG_WARN_DIRECT_OBJC_ISA_USAGE = YES_ERROR;
				CLANG_WARN_DOCUMENTATION_COMMENTS = YES;
				CLANG_WARN_EMPTY_BODY = YES;
				CLANG_WARN_ENUM_CONVERSION = YES;
				CLANG_WARN_INFINITE_RECURSION = YES;
				CLANG_WARN_INT_CONVERSION = YES;
				CLANG_WARN_NON_LITERAL_NULL_CONVERSION = YES;
				CLANG_WARN_OBJC_IMPLICIT_RETAIN_SELF = YES;
				CLANG_WARN_OBJC_LITERAL_CONVERSION = YES;
				CLANG_WARN_OBJC_ROOT_CLASS = YES_ERROR;
				CLANG_WARN_QUOTED_INCLUDE_IN_FRAMEWORK_HEADER = YES;
				CLANG_WARN_RANGE_LOOP_ANALYSIS = YES;
				CLANG_WARN_STRICT_PROTOTYPES = YES;
				CLANG_WARN_SUSPICIOUS_MOVE = YES;
				CLANG_WARN_UNGUARDED_AVAILABILITY = YES_AGGRESSIVE;
				CLANG_WARN_UNREACHABLE_CODE = YES;
				CLANG_WARN__DUPLICATE_METHOD_MATCH = YES;
				COPY_PHASE_STRIP = NO;
				DEBUG_INFORMATION_FORMAT = "dwarf-with-dsym";
				ENABLE_NS_ASSERTIONS = NO;
				ENABLE_STRICT_OBJC_MSGSEND = YES;
				ENABLE_USER_SCRIPT_SANDBOXING = YES;
				GCC_C_LANGUAGE_STANDARD = gnu17;
				GCC_NO_COMMON_BLOCKS = YES;
				GCC_WARN_64_TO_32_BIT_CONVERSION = YES;
				GCC_WARN_ABOUT_RETURN_TYPE = YES_ERROR;
				GCC_WARN_UNDECLARED_SELECTOR = YES;
				GCC_WARN_UNINITIALIZED_AUTOS = YES_AGGRESSIVE;
				GCC_WARN_UNUSED_FUNCTION = YES;
				GCC_WARN_UNUSED_VARIABLE = YES;
				IPHONEOS_DEPLOYMENT_TARGET = 17.0;
				LOCALIZATION_PREFERS_STRING_CATALOGS = YES;
				MTL_ENABLE_DEBUG_INFO = NO;
				MTL_FAST_MATH = YES;
				SDKROOT = iphoneos;
				SWIFT_COMPILATION_MODE = wholemodule;
				VALIDATE_PRODUCT = YES;
			};
			name = Release;
		};
		91F2B6D72B064F3E00FA3AC3 /* Debug */ = {
			isa = XCBuildConfiguration;
			buildSettings = {
				ASSETCATALOG_COMPILER_APPICON_NAME = AppIcon;
				ASSETCATALOG_COMPILER_GLOBAL_ACCENT_COLOR_NAME = AccentColor;
				CODE_SIGN_STYLE = Automatic;
				CURRENT_PROJECT_VERSION = 1;
				DEBUG_INFORMATION_FORMAT = "dwarf-with-dsym";
				DEVELOPMENT_ASSET_PATHS = "\"CashCow/Preview Content\"";
				ENABLE_PREVIEWS = YES;
				ENABLE_USER_SCRIPT_SANDBOXING = NO;
				GENERATE_INFOPLIST_FILE = YES;
				INFOPLIST_FILE = CashCow/Info.plist;
				INFOPLIST_KEY_UIApplicationSceneManifest_Generation = YES;
				INFOPLIST_KEY_UIApplicationSupportsIndirectInputEvents = YES;
				INFOPLIST_KEY_UILaunchScreen_Generation = YES;
				INFOPLIST_KEY_UISupportedInterfaceOrientations = UIInterfaceOrientationPortrait;
				INFOPLIST_KEY_UISupportedInterfaceOrientations_iPad = "UIInterfaceOrientationPortrait UIInterfaceOrientationPortraitUpsideDown";
				LD_RUNPATH_SEARCH_PATHS = (
					"$(inherited)",
					"@executable_path/Frameworks",
				);
				MARKETING_VERSION = 1.0;
				PRODUCT_BUNDLE_IDENTIFIER = com.syntax.CashCow;
				PRODUCT_NAME = "$(TARGET_NAME)";
				SWIFT_EMIT_LOC_STRINGS = YES;
				SWIFT_VERSION = 5.0;
				TARGETED_DEVICE_FAMILY = "1,2";
			};
			name = Debug;
		};
		91F2B6D82B064F3E00FA3AC3 /* Release */ = {
			isa = XCBuildConfiguration;
			buildSettings = {
				ASSETCATALOG_COMPILER_APPICON_NAME = AppIcon;
				ASSETCATALOG_COMPILER_GLOBAL_ACCENT_COLOR_NAME = AccentColor;
				CODE_SIGN_STYLE = Automatic;
				CURRENT_PROJECT_VERSION = 1;
				DEBUG_INFORMATION_FORMAT = "dwarf-with-dsym";
				DEVELOPMENT_ASSET_PATHS = "\"CashCow/Preview Content\"";
				ENABLE_PREVIEWS = YES;
				ENABLE_USER_SCRIPT_SANDBOXING = NO;
				GENERATE_INFOPLIST_FILE = YES;
				INFOPLIST_FILE = CashCow/Info.plist;
				INFOPLIST_KEY_UIApplicationSceneManifest_Generation = YES;
				INFOPLIST_KEY_UIApplicationSupportsIndirectInputEvents = YES;
				INFOPLIST_KEY_UILaunchScreen_Generation = YES;
				INFOPLIST_KEY_UISupportedInterfaceOrientations = UIInterfaceOrientationPortrait;
				INFOPLIST_KEY_UISupportedInterfaceOrientations_iPad = "UIInterfaceOrientationPortrait UIInterfaceOrientationPortraitUpsideDown";
				LD_RUNPATH_SEARCH_PATHS = (
					"$(inherited)",
					"@executable_path/Frameworks",
				);
				MARKETING_VERSION = 1.0;
				PRODUCT_BUNDLE_IDENTIFIER = com.syntax.CashCow;
				PRODUCT_NAME = "$(TARGET_NAME)";
				SWIFT_EMIT_LOC_STRINGS = YES;
				SWIFT_VERSION = 5.0;
				TARGETED_DEVICE_FAMILY = "1,2";
			};
			name = Release;
		};
/* End XCBuildConfiguration section */

/* Begin XCConfigurationList section */
		91F2B6C32B064F3D00FA3AC3 /* Build configuration list for PBXProject "CashCow" */ = {
			isa = XCConfigurationList;
			buildConfigurations = (
				91F2B6D42B064F3E00FA3AC3 /* Debug */,
				91F2B6D52B064F3E00FA3AC3 /* Release */,
			);
			defaultConfigurationIsVisible = 0;
			defaultConfigurationName = Release;
		};
		91F2B6D62B064F3E00FA3AC3 /* Build configuration list for PBXNativeTarget "CashCow" */ = {
			isa = XCConfigurationList;
			buildConfigurations = (
				91F2B6D72B064F3E00FA3AC3 /* Debug */,
				91F2B6D82B064F3E00FA3AC3 /* Release */,
			);
			defaultConfigurationIsVisible = 0;
			defaultConfigurationName = Release;
		};
/* End XCConfigurationList section */

/* Begin XCRemoteSwiftPackageReference section */
		91F2B6E22B06537200FA3AC3 /* XCRemoteSwiftPackageReference "firebase-ios-sdk" */ = {
			isa = XCRemoteSwiftPackageReference;
			repositoryURL = "https://github.com/firebase/firebase-ios-sdk.git";
			requirement = {
				kind = upToNextMajorVersion;
				minimumVersion = 10.18.0;
			};
		};
/* End XCRemoteSwiftPackageReference section */

/* Begin XCSwiftPackageProductDependency section */
		9111F6B32B0E98CE00D66A55 /* FirebaseAnalyticsSwift */ = {
			isa = XCSwiftPackageProductDependency;
			productName = FirebaseAnalyticsSwift;
		};
		9111F6C32B0E98CE00D66A55 /* FirebaseDatabaseSwift */ = {
			isa = XCSwiftPackageProductDependency;
			productName = FirebaseDatabaseSwift;
		};
		9111F6EF2B0E9AB200D66A55 /* FirebaseAuth */ = {
			isa = XCSwiftPackageProductDependency;
			package = 91F2B6E22B06537200FA3AC3 /* XCRemoteSwiftPackageReference "firebase-ios-sdk" */;
			productName = FirebaseAuth;
		};
		9111F6F32B0E9AB200D66A55 /* FirebaseCrashlytics */ = {
			isa = XCSwiftPackageProductDependency;
			package = 91F2B6E22B06537200FA3AC3 /* XCRemoteSwiftPackageReference "firebase-ios-sdk" */;
			productName = FirebaseCrashlytics;
		};
		9111F70B2B0E9AB200D66A55 /* FirebaseStorage */ = {
			isa = XCSwiftPackageProductDependency;
			package = 91F2B6E22B06537200FA3AC3 /* XCRemoteSwiftPackageReference "firebase-ios-sdk" */;
			productName = FirebaseStorage;
		};
		914F31702B129383004B2513 /* FirebaseAnalytics */ = {
			isa = XCSwiftPackageProductDependency;
			package = 91F2B6E22B06537200FA3AC3 /* XCRemoteSwiftPackageReference "firebase-ios-sdk" */;
			productName = FirebaseAnalytics;
		};
		914F31722B129383004B2513 /* FirebaseAnalyticsOnDeviceConversion */ = {
			isa = XCSwiftPackageProductDependency;
			package = 91F2B6E22B06537200FA3AC3 /* XCRemoteSwiftPackageReference "firebase-ios-sdk" */;
			productName = FirebaseAnalyticsOnDeviceConversion;
		};
		914F31742B129383004B2513 /* FirebaseAnalyticsSwift */ = {
			isa = XCSwiftPackageProductDependency;
			package = 91F2B6E22B06537200FA3AC3 /* XCRemoteSwiftPackageReference "firebase-ios-sdk" */;
			productName = FirebaseAnalyticsSwift;
		};
		914F31762B129383004B2513 /* FirebaseAnalyticsWithoutAdIdSupport */ = {
			isa = XCSwiftPackageProductDependency;
			package = 91F2B6E22B06537200FA3AC3 /* XCRemoteSwiftPackageReference "firebase-ios-sdk" */;
			productName = FirebaseAnalyticsWithoutAdIdSupport;
		};
		914F31782B129383004B2513 /* FirebaseAppCheck */ = {
			isa = XCSwiftPackageProductDependency;
			package = 91F2B6E22B06537200FA3AC3 /* XCRemoteSwiftPackageReference "firebase-ios-sdk" */;
			productName = FirebaseAppCheck;
		};
		91F2B6E32B06537200FA3AC3 /* FirebaseAnalytics */ = {
			isa = XCSwiftPackageProductDependency;
			package = 91F2B6E22B06537200FA3AC3 /* XCRemoteSwiftPackageReference "firebase-ios-sdk" */;
			productName = FirebaseAnalytics;
		};
		91F2B6F52B06537200FA3AC3 /* FirebaseDatabase */ = {
			isa = XCSwiftPackageProductDependency;
			package = 91F2B6E22B06537200FA3AC3 /* XCRemoteSwiftPackageReference "firebase-ios-sdk" */;
			productName = FirebaseDatabase;
		};
		91F2B6FB2B06537200FA3AC3 /* FirebaseFirestore */ = {
			isa = XCSwiftPackageProductDependency;
			package = 91F2B6E22B06537200FA3AC3 /* XCRemoteSwiftPackageReference "firebase-ios-sdk" */;
			productName = FirebaseFirestore;
		};
		91F2B6FF2B06537200FA3AC3 /* FirebaseFirestoreSwift */ = {
			isa = XCSwiftPackageProductDependency;
			package = 91F2B6E22B06537200FA3AC3 /* XCRemoteSwiftPackageReference "firebase-ios-sdk" */;
			productName = FirebaseFirestoreSwift;
		};
/* End XCSwiftPackageProductDependency section */
	};
	rootObject = 91F2B6C02B064F3D00FA3AC3 /* Project object */;
}
