// !$*UTF8*$!
{
	archiveVersion = 1;
	classes = {
	};
	objectVersion = 56;
	objects = {

/* Begin PBXBuildFile section */
		91952B732B2078D6006CF2A2 /* SaverFoxApp.swift in Sources */ = {isa = PBXBuildFile; fileRef = 91952B722B2078D6006CF2A2 /* SaverFoxApp.swift */; };
		91952B772B2078D8006CF2A2 /* Assets.xcassets in Resources */ = {isa = PBXBuildFile; fileRef = 91952B762B2078D8006CF2A2 /* Assets.xcassets */; };
		91952B7A2B2078D8006CF2A2 /* Preview Assets.xcassets in Resources */ = {isa = PBXBuildFile; fileRef = 91952B792B2078D8006CF2A2 /* Preview Assets.xcassets */; };
		91952B892B207995006CF2A2 /* Colors.swift in Sources */ = {isa = PBXBuildFile; fileRef = 91952B882B207995006CF2A2 /* Colors.swift */; };
		91952B8B2B2079A4006CF2A2 /* Strings.swift in Sources */ = {isa = PBXBuildFile; fileRef = 91952B8A2B2079A4006CF2A2 /* Strings.swift */; };
		91952B8E2B209D95006CF2A2 /* LoginView.swift in Sources */ = {isa = PBXBuildFile; fileRef = 91952B8D2B209D95006CF2A2 /* LoginView.swift */; };
		91952B902B20A32C006CF2A2 /* ImageList.swift in Sources */ = {isa = PBXBuildFile; fileRef = 91952B8F2B20A32C006CF2A2 /* ImageList.swift */; };
		91952B942B21B1AC006CF2A2 /* Child.swift in Sources */ = {isa = PBXBuildFile; fileRef = 91952B932B21B1AC006CF2A2 /* Child.swift */; };
		91952B962B21C837006CF2A2 /* AuthViewModel.swift in Sources */ = {isa = PBXBuildFile; fileRef = 91952B952B21C837006CF2A2 /* AuthViewModel.swift */; };
		91952B982B21CF25006CF2A2 /* LoginImages.swift in Sources */ = {isa = PBXBuildFile; fileRef = 91952B972B21CF25006CF2A2 /* LoginImages.swift */; };
		91952BA02B21DC85006CF2A2 /* Localizable.strings in Resources */ = {isa = PBXBuildFile; fileRef = 91952BA22B21DC85006CF2A2 /* Localizable.strings */; };
		91C2B1642B2C3E6F004C1B53 /* Fonts.swift in Sources */ = {isa = PBXBuildFile; fileRef = 91C2B1632B2C3E6F004C1B53 /* Fonts.swift */; };
		91C2B1662B2C577B004C1B53 /* HomeView.swift in Sources */ = {isa = PBXBuildFile; fileRef = 91C2B1652B2C577B004C1B53 /* HomeView.swift */; };
		91C2B1682B2C57D2004C1B53 /* ProfileViewModel.swift in Sources */ = {isa = PBXBuildFile; fileRef = 91C2B1672B2C57D2004C1B53 /* ProfileViewModel.swift */; };
		91C2B16A2B2C58C2004C1B53 /* ProfileNameAndImage.swift in Sources */ = {isa = PBXBuildFile; fileRef = 91C2B1692B2C58C2004C1B53 /* ProfileNameAndImage.swift */; };
		91C2B16C2B2C5E52004C1B53 /* AppIcon.swift in Sources */ = {isa = PBXBuildFile; fileRef = 91C2B16B2B2C5E52004C1B53 /* AppIcon.swift */; };
		91C2B16E2B2C5F88004C1B53 /* SettingsViewModel.swift in Sources */ = {isa = PBXBuildFile; fileRef = 91C2B16D2B2C5F88004C1B53 /* SettingsViewModel.swift */; };
		91C2B1702B2C81A6004C1B53 /* OverviewView.swift in Sources */ = {isa = PBXBuildFile; fileRef = 91C2B16F2B2C81A6004C1B53 /* OverviewView.swift */; };
		91C2B1722B2C81E2004C1B53 /* TipsView.swift in Sources */ = {isa = PBXBuildFile; fileRef = 91C2B1712B2C81E2004C1B53 /* TipsView.swift */; };
		91C2B1742B2C821A004C1B53 /* SettingsView.swift in Sources */ = {isa = PBXBuildFile; fileRef = 91C2B1732B2C821A004C1B53 /* SettingsView.swift */; };
		91C2B1762B2C8317004C1B53 /* Settings.swift in Sources */ = {isa = PBXBuildFile; fileRef = 91C2B1752B2C8317004C1B53 /* Settings.swift */; };
		91C2B1792B2C83CE004C1B53 /* FirebaseAnalytics in Frameworks */ = {isa = PBXBuildFile; productRef = 91C2B1782B2C83CE004C1B53 /* FirebaseAnalytics */; };
		91C2B17D2B2C83CE004C1B53 /* FirebaseAnalyticsSwift in Frameworks */ = {isa = PBXBuildFile; productRef = 91C2B17C2B2C83CE004C1B53 /* FirebaseAnalyticsSwift */; };
		91C2B1842B2C8402004C1B53 /* FirebaseFirestore in Frameworks */ = {isa = PBXBuildFile; productRef = 91C2B1832B2C8402004C1B53 /* FirebaseFirestore */; };
		91C2B1862B2C8408004C1B53 /* FirebaseFirestoreSwift in Frameworks */ = {isa = PBXBuildFile; productRef = 91C2B1852B2C8408004C1B53 /* FirebaseFirestoreSwift */; };
		91C2B1882B2C843A004C1B53 /* FirebaseStorage in Frameworks */ = {isa = PBXBuildFile; productRef = 91C2B1872B2C843A004C1B53 /* FirebaseStorage */; };
		91C2B18C2B2C87F2004C1B53 /* GoogleService-Info.plist in Resources */ = {isa = PBXBuildFile; fileRef = 91C2B18B2B2C87F2004C1B53 /* GoogleService-Info.plist */; };
		91C2B18E2B2C8D73004C1B53 /* CurrencyConverterViewModel.swift in Sources */ = {isa = PBXBuildFile; fileRef = 91C2B18D2B2C8D73004C1B53 /* CurrencyConverterViewModel.swift */; };
		91C2B1902B2C8F0D004C1B53 /* CurrencyConverterView.swift in Sources */ = {isa = PBXBuildFile; fileRef = 91C2B18F2B2C8F0D004C1B53 /* CurrencyConverterView.swift */; };
		91C2B1922B2C93A2004C1B53 /* Tab.swift in Sources */ = {isa = PBXBuildFile; fileRef = 91C2B1912B2C93A2004C1B53 /* Tab.swift */; };
		91C2B1942B2C9549004C1B53 /* HTTPError.swift in Sources */ = {isa = PBXBuildFile; fileRef = 91C2B1932B2C9549004C1B53 /* HTTPError.swift */; };
		91C2B1962B2CA111004C1B53 /* ProfileView.swift in Sources */ = {isa = PBXBuildFile; fileRef = 91C2B1952B2CA111004C1B53 /* ProfileView.swift */; };
/* End PBXBuildFile section */

/* Begin PBXFileReference section */
		91952B6F2B2078D6006CF2A2 /* SaverFox.app */ = {isa = PBXFileReference; explicitFileType = wrapper.application; includeInIndex = 0; path = SaverFox.app; sourceTree = BUILT_PRODUCTS_DIR; };
		91952B722B2078D6006CF2A2 /* SaverFoxApp.swift */ = {isa = PBXFileReference; lastKnownFileType = sourcecode.swift; path = SaverFoxApp.swift; sourceTree = "<group>"; };
		91952B762B2078D8006CF2A2 /* Assets.xcassets */ = {isa = PBXFileReference; lastKnownFileType = folder.assetcatalog; path = Assets.xcassets; sourceTree = "<group>"; };
		91952B792B2078D8006CF2A2 /* Preview Assets.xcassets */ = {isa = PBXFileReference; lastKnownFileType = folder.assetcatalog; path = "Preview Assets.xcassets"; sourceTree = "<group>"; };
		91952B882B207995006CF2A2 /* Colors.swift */ = {isa = PBXFileReference; lastKnownFileType = sourcecode.swift; path = Colors.swift; sourceTree = "<group>"; };
		91952B8A2B2079A4006CF2A2 /* Strings.swift */ = {isa = PBXFileReference; lastKnownFileType = sourcecode.swift; path = Strings.swift; sourceTree = "<group>"; };
		91952B8D2B209D95006CF2A2 /* LoginView.swift */ = {isa = PBXFileReference; lastKnownFileType = sourcecode.swift; path = LoginView.swift; sourceTree = "<group>"; };
		91952B8F2B20A32C006CF2A2 /* ImageList.swift */ = {isa = PBXFileReference; lastKnownFileType = sourcecode.swift; path = ImageList.swift; sourceTree = "<group>"; };
		91952B932B21B1AC006CF2A2 /* Child.swift */ = {isa = PBXFileReference; lastKnownFileType = sourcecode.swift; path = Child.swift; sourceTree = "<group>"; };
		91952B952B21C837006CF2A2 /* AuthViewModel.swift */ = {isa = PBXFileReference; lastKnownFileType = sourcecode.swift; path = AuthViewModel.swift; sourceTree = "<group>"; };
		91952B972B21CF25006CF2A2 /* LoginImages.swift */ = {isa = PBXFileReference; lastKnownFileType = sourcecode.swift; path = LoginImages.swift; sourceTree = "<group>"; };
		91952BA12B21DC85006CF2A2 /* en */ = {isa = PBXFileReference; lastKnownFileType = text.plist.strings; name = en; path = en.lproj/Localizable.strings; sourceTree = "<group>"; };
		91952BA52B21DD3F006CF2A2 /* de */ = {isa = PBXFileReference; lastKnownFileType = text.plist.strings; name = de; path = de.lproj/Localizable.strings; sourceTree = "<group>"; };
		91C2B1632B2C3E6F004C1B53 /* Fonts.swift */ = {isa = PBXFileReference; lastKnownFileType = sourcecode.swift; path = Fonts.swift; sourceTree = "<group>"; };
		91C2B1652B2C577B004C1B53 /* HomeView.swift */ = {isa = PBXFileReference; lastKnownFileType = sourcecode.swift; path = HomeView.swift; sourceTree = "<group>"; };
		91C2B1672B2C57D2004C1B53 /* ProfileViewModel.swift */ = {isa = PBXFileReference; lastKnownFileType = sourcecode.swift; path = ProfileViewModel.swift; sourceTree = "<group>"; };
		91C2B1692B2C58C2004C1B53 /* ProfileNameAndImage.swift */ = {isa = PBXFileReference; lastKnownFileType = sourcecode.swift; path = ProfileNameAndImage.swift; sourceTree = "<group>"; };
		91C2B16B2B2C5E52004C1B53 /* AppIcon.swift */ = {isa = PBXFileReference; lastKnownFileType = sourcecode.swift; path = AppIcon.swift; sourceTree = "<group>"; };
		91C2B16D2B2C5F88004C1B53 /* SettingsViewModel.swift */ = {isa = PBXFileReference; lastKnownFileType = sourcecode.swift; path = SettingsViewModel.swift; sourceTree = "<group>"; };
		91C2B16F2B2C81A6004C1B53 /* OverviewView.swift */ = {isa = PBXFileReference; lastKnownFileType = sourcecode.swift; path = OverviewView.swift; sourceTree = "<group>"; };
		91C2B1712B2C81E2004C1B53 /* TipsView.swift */ = {isa = PBXFileReference; lastKnownFileType = sourcecode.swift; path = TipsView.swift; sourceTree = "<group>"; };
		91C2B1732B2C821A004C1B53 /* SettingsView.swift */ = {isa = PBXFileReference; lastKnownFileType = sourcecode.swift; path = SettingsView.swift; sourceTree = "<group>"; };
		91C2B1752B2C8317004C1B53 /* Settings.swift */ = {isa = PBXFileReference; lastKnownFileType = sourcecode.swift; path = Settings.swift; sourceTree = "<group>"; };
		91C2B18B2B2C87F2004C1B53 /* GoogleService-Info.plist */ = {isa = PBXFileReference; fileEncoding = 4; lastKnownFileType = text.plist.xml; name = "GoogleService-Info.plist"; path = "../CashCow/CashCow/GoogleService-Info.plist"; sourceTree = "<group>"; };
		91C2B18D2B2C8D73004C1B53 /* CurrencyConverterViewModel.swift */ = {isa = PBXFileReference; lastKnownFileType = sourcecode.swift; path = CurrencyConverterViewModel.swift; sourceTree = "<group>"; };
		91C2B18F2B2C8F0D004C1B53 /* CurrencyConverterView.swift */ = {isa = PBXFileReference; lastKnownFileType = sourcecode.swift; path = CurrencyConverterView.swift; sourceTree = "<group>"; };
		91C2B1912B2C93A2004C1B53 /* Tab.swift */ = {isa = PBXFileReference; lastKnownFileType = sourcecode.swift; path = Tab.swift; sourceTree = "<group>"; };
		91C2B1932B2C9549004C1B53 /* HTTPError.swift */ = {isa = PBXFileReference; lastKnownFileType = sourcecode.swift; path = HTTPError.swift; sourceTree = "<group>"; };
		91C2B1952B2CA111004C1B53 /* ProfileView.swift */ = {isa = PBXFileReference; lastKnownFileType = sourcecode.swift; path = ProfileView.swift; sourceTree = "<group>"; };
/* End PBXFileReference section */

/* Begin PBXFrameworksBuildPhase section */
		91952B6C2B2078D6006CF2A2 /* Frameworks */ = {
			isa = PBXFrameworksBuildPhase;
			buildActionMask = 2147483647;
			files = (
				91C2B17D2B2C83CE004C1B53 /* FirebaseAnalyticsSwift in Frameworks */,
				91C2B1792B2C83CE004C1B53 /* FirebaseAnalytics in Frameworks */,
				91C2B1862B2C8408004C1B53 /* FirebaseFirestoreSwift in Frameworks */,
				91C2B1882B2C843A004C1B53 /* FirebaseStorage in Frameworks */,
				91C2B1842B2C8402004C1B53 /* FirebaseFirestore in Frameworks */,
			);
			runOnlyForDeploymentPostprocessing = 0;
		};
/* End PBXFrameworksBuildPhase section */

/* Begin PBXGroup section */
		91952B662B2078D5006CF2A2 = {
			isa = PBXGroup;
			children = (
				91952B712B2078D6006CF2A2 /* SaverFox */,
				91952B702B2078D6006CF2A2 /* Products */,
				91C2B1822B2C8402004C1B53 /* Frameworks */,
			);
			sourceTree = "<group>";
		};
		91952B702B2078D6006CF2A2 /* Products */ = {
			isa = PBXGroup;
			children = (
				91952B6F2B2078D6006CF2A2 /* SaverFox.app */,
			);
			name = Products;
			sourceTree = "<group>";
		};
		91952B712B2078D6006CF2A2 /* SaverFox */ = {
			isa = PBXGroup;
			children = (
				91952B722B2078D6006CF2A2 /* SaverFoxApp.swift */,
				91952B862B207969006CF2A2 /* Resources */,
				91952B842B20794B006CF2A2 /* Enums */,
				91952B852B20795C006CF2A2 /* Models */,
				91952B832B207935006CF2A2 /* Repositories */,
				91952B822B20792B006CF2A2 /* ViewModels */,
				91952B812B207923006CF2A2 /* Views */,
				91952B762B2078D8006CF2A2 /* Assets.xcassets */,
				91952B782B2078D8006CF2A2 /* Preview Content */,
			);
			path = SaverFox;
			sourceTree = "<group>";
		};
		91952B782B2078D8006CF2A2 /* Preview Content */ = {
			isa = PBXGroup;
			children = (
				91952B792B2078D8006CF2A2 /* Preview Assets.xcassets */,
			);
			path = "Preview Content";
			sourceTree = "<group>";
		};
		91952B802B207913006CF2A2 /* Components */ = {
			isa = PBXGroup;
			children = (
				91952B8F2B20A32C006CF2A2 /* ImageList.swift */,
				91C2B1692B2C58C2004C1B53 /* ProfileNameAndImage.swift */,
				91C2B16B2B2C5E52004C1B53 /* AppIcon.swift */,
			);
			path = Components;
			sourceTree = "<group>";
		};
		91952B812B207923006CF2A2 /* Views */ = {
			isa = PBXGroup;
			children = (
				91952B8D2B209D95006CF2A2 /* LoginView.swift */,
				91C2B1652B2C577B004C1B53 /* HomeView.swift */,
				91C2B1952B2CA111004C1B53 /* ProfileView.swift */,
				91C2B1732B2C821A004C1B53 /* SettingsView.swift */,
				91C2B16F2B2C81A6004C1B53 /* OverviewView.swift */,
				91C2B1712B2C81E2004C1B53 /* TipsView.swift */,
				91C2B18F2B2C8F0D004C1B53 /* CurrencyConverterView.swift */,
				91952B8C2B2079C5006CF2A2 /* Navigator */,
				91952B802B207913006CF2A2 /* Components */,
			);
			path = Views;
			sourceTree = "<group>";
		};
		91952B822B20792B006CF2A2 /* ViewModels */ = {
			isa = PBXGroup;
			children = (
				91952B952B21C837006CF2A2 /* AuthViewModel.swift */,
				91C2B1672B2C57D2004C1B53 /* ProfileViewModel.swift */,
				91C2B16D2B2C5F88004C1B53 /* SettingsViewModel.swift */,
				91C2B18D2B2C8D73004C1B53 /* CurrencyConverterViewModel.swift */,
			);
			path = ViewModels;
			sourceTree = "<group>";
		};
		91952B832B207935006CF2A2 /* Repositories */ = {
			isa = PBXGroup;
			children = (
			);
			path = Repositories;
			sourceTree = "<group>";
		};
		91952B842B20794B006CF2A2 /* Enums */ = {
			isa = PBXGroup;
			children = (
				91952B972B21CF25006CF2A2 /* LoginImages.swift */,
				91C2B1912B2C93A2004C1B53 /* Tab.swift */,
				91C2B1932B2C9549004C1B53 /* HTTPError.swift */,
			);
			path = Enums;
			sourceTree = "<group>";
		};
		91952B852B20795C006CF2A2 /* Models */ = {
			isa = PBXGroup;
			children = (
				91952B932B21B1AC006CF2A2 /* Child.swift */,
				91C2B1752B2C8317004C1B53 /* Settings.swift */,
			);
			path = Models;
			sourceTree = "<group>";
		};
		91952B862B207969006CF2A2 /* Resources */ = {
			isa = PBXGroup;
			children = (
				91952B872B207973006CF2A2 /* Strings */,
				91952B882B207995006CF2A2 /* Colors.swift */,
				91C2B1632B2C3E6F004C1B53 /* Fonts.swift */,
			);
			path = Resources;
			sourceTree = "<group>";
		};
		91952B872B207973006CF2A2 /* Strings */ = {
			isa = PBXGroup;
			children = (
				91952B8A2B2079A4006CF2A2 /* Strings.swift */,
				91952BA22B21DC85006CF2A2 /* Localizable.strings */,
			);
			path = Strings;
			sourceTree = "<group>";
		};
		91952B8C2B2079C5006CF2A2 /* Navigator */ = {
			isa = PBXGroup;
			children = (
			);
			path = Navigator;
			sourceTree = "<group>";
		};
		91C2B1822B2C8402004C1B53 /* Frameworks */ = {
			isa = PBXGroup;
			children = (
				91C2B18B2B2C87F2004C1B53 /* GoogleService-Info.plist */,
			);
			name = Frameworks;
			sourceTree = "<group>";
		};
/* End PBXGroup section */

/* Begin PBXNativeTarget section */
		91952B6E2B2078D6006CF2A2 /* SaverFox */ = {
			isa = PBXNativeTarget;
			buildConfigurationList = 91952B7D2B2078D8006CF2A2 /* Build configuration list for PBXNativeTarget "SaverFox" */;
			buildPhases = (
				91952B6B2B2078D6006CF2A2 /* Sources */,
				91952B6C2B2078D6006CF2A2 /* Frameworks */,
				91952B6D2B2078D6006CF2A2 /* Resources */,
				91C2B1892B2C85A8004C1B53 /* Crashlytics */,
				91C2B18A2B2C863E004C1B53 /* SwiftLint */,
			);
			buildRules = (
			);
			dependencies = (
			);
			name = SaverFox;
			packageProductDependencies = (
				91C2B1782B2C83CE004C1B53 /* FirebaseAnalytics */,
				91C2B17C2B2C83CE004C1B53 /* FirebaseAnalyticsSwift */,
				91C2B1832B2C8402004C1B53 /* FirebaseFirestore */,
				91C2B1852B2C8408004C1B53 /* FirebaseFirestoreSwift */,
				91C2B1872B2C843A004C1B53 /* FirebaseStorage */,
			);
			productName = SaverFox;
			productReference = 91952B6F2B2078D6006CF2A2 /* SaverFox.app */;
			productType = "com.apple.product-type.application";
		};
/* End PBXNativeTarget section */

/* Begin PBXProject section */
		91952B672B2078D5006CF2A2 /* Project object */ = {
			isa = PBXProject;
			attributes = {
				BuildIndependentTargetsInParallel = 1;
				LastSwiftUpdateCheck = 1500;
				LastUpgradeCheck = 1500;
				TargetAttributes = {
					91952B6E2B2078D6006CF2A2 = {
						CreatedOnToolsVersion = 15.0.1;
					};
				};
			};
			buildConfigurationList = 91952B6A2B2078D5006CF2A2 /* Build configuration list for PBXProject "SaverFox" */;
			compatibilityVersion = "Xcode 14.0";
			developmentRegion = en;
			hasScannedForEncodings = 0;
			knownRegions = (
				en,
				Base,
				de,
			);
			mainGroup = 91952B662B2078D5006CF2A2;
			packageReferences = (
				91C2B1772B2C83CE004C1B53 /* XCRemoteSwiftPackageReference "firebase-ios-sdk" */,
			);
			productRefGroup = 91952B702B2078D6006CF2A2 /* Products */;
			projectDirPath = "";
			projectRoot = "";
			targets = (
				91952B6E2B2078D6006CF2A2 /* SaverFox */,
			);
		};
/* End PBXProject section */

/* Begin PBXResourcesBuildPhase section */
		91952B6D2B2078D6006CF2A2 /* Resources */ = {
			isa = PBXResourcesBuildPhase;
			buildActionMask = 2147483647;
			files = (
				91952B7A2B2078D8006CF2A2 /* Preview Assets.xcassets in Resources */,
				91C2B18C2B2C87F2004C1B53 /* GoogleService-Info.plist in Resources */,
				91952BA02B21DC85006CF2A2 /* Localizable.strings in Resources */,
				91952B772B2078D8006CF2A2 /* Assets.xcassets in Resources */,
			);
			runOnlyForDeploymentPostprocessing = 0;
		};
/* End PBXResourcesBuildPhase section */

/* Begin PBXShellScriptBuildPhase section */
		91C2B1892B2C85A8004C1B53 /* Crashlytics */ = {
			isa = PBXShellScriptBuildPhase;
			alwaysOutOfDate = 1;
			buildActionMask = 2147483647;
			files = (
			);
			inputFileListPaths = (
			);
			inputPaths = (
				"${DWARF_DSYM_FOLDER_PATH}/${DWARF_DSYM_FILE_NAME}",
				"${DWARF_DSYM_FOLDER_PATH}/${DWARF_DSYM_FILE_NAME}/Contents/Resources/DWARF/${PRODUCT_NAME}",
				"${DWARF_DSYM_FOLDER_PATH}/${DWARF_DSYM_FILE_NAME}/Contents/Info.plist",
				"$(TARGET_BUILD_DIR)/$(UNLOCALIZED_RESOURCES_FOLDER_PATH)/GoogleService-Info.plist",
				"$(TARGET_BUILD_DIR)/$(EXECUTABLE_PATH)",
			);
			name = Crashlytics;
			outputFileListPaths = (
			);
			outputPaths = (
			);
			runOnlyForDeploymentPostprocessing = 0;
			shellPath = /bin/sh;
			shellScript = "\"${BUILD_DIR%/Build/*}/SourcePackages/checkouts/firebase-ios-sdk/Crashlytics/run\"\n";
		};
		91C2B18A2B2C863E004C1B53 /* SwiftLint */ = {
			isa = PBXShellScriptBuildPhase;
			alwaysOutOfDate = 1;
			buildActionMask = 2147483647;
			files = (
			);
			inputFileListPaths = (
			);
			inputPaths = (
			);
			name = SwiftLint;
			outputFileListPaths = (
			);
			outputPaths = (
			);
			runOnlyForDeploymentPostprocessing = 0;
			shellPath = /bin/sh;
			shellScript = "export PATH=\"$PATH:/opt/homebrew/bin\"\nif which swiftlint > /dev/null; then\nswiftlint\nelse\necho \"warning: SwiftLint not installed, download from https://github.com/realm/SwiftLint\"\nfi\n";
		};
/* End PBXShellScriptBuildPhase section */

/* Begin PBXSourcesBuildPhase section */
		91952B6B2B2078D6006CF2A2 /* Sources */ = {
			isa = PBXSourcesBuildPhase;
			buildActionMask = 2147483647;
			files = (
				91952B892B207995006CF2A2 /* Colors.swift in Sources */,
				91952B8B2B2079A4006CF2A2 /* Strings.swift in Sources */,
				91952B8E2B209D95006CF2A2 /* LoginView.swift in Sources */,
				91C2B1662B2C577B004C1B53 /* HomeView.swift in Sources */,
				91C2B1902B2C8F0D004C1B53 /* CurrencyConverterView.swift in Sources */,
				91C2B1722B2C81E2004C1B53 /* TipsView.swift in Sources */,
				91C2B1742B2C821A004C1B53 /* SettingsView.swift in Sources */,
				91C2B1762B2C8317004C1B53 /* Settings.swift in Sources */,
				91C2B16A2B2C58C2004C1B53 /* ProfileNameAndImage.swift in Sources */,
				91C2B16C2B2C5E52004C1B53 /* AppIcon.swift in Sources */,
				91952B732B2078D6006CF2A2 /* SaverFoxApp.swift in Sources */,
				91952B902B20A32C006CF2A2 /* ImageList.swift in Sources */,
				91C2B1942B2C9549004C1B53 /* HTTPError.swift in Sources */,
				91952B982B21CF25006CF2A2 /* LoginImages.swift in Sources */,
				91C2B1682B2C57D2004C1B53 /* ProfileViewModel.swift in Sources */,
				91C2B1922B2C93A2004C1B53 /* Tab.swift in Sources */,
				91C2B1642B2C3E6F004C1B53 /* Fonts.swift in Sources */,
				91C2B1962B2CA111004C1B53 /* ProfileView.swift in Sources */,
				91952B942B21B1AC006CF2A2 /* Child.swift in Sources */,
				91952B962B21C837006CF2A2 /* AuthViewModel.swift in Sources */,
				91C2B1702B2C81A6004C1B53 /* OverviewView.swift in Sources */,
				91C2B16E2B2C5F88004C1B53 /* SettingsViewModel.swift in Sources */,
				91C2B18E2B2C8D73004C1B53 /* CurrencyConverterViewModel.swift in Sources */,
			);
			runOnlyForDeploymentPostprocessing = 0;
		};
/* End PBXSourcesBuildPhase section */

/* Begin PBXVariantGroup section */
		91952BA22B21DC85006CF2A2 /* Localizable.strings */ = {
			isa = PBXVariantGroup;
			children = (
				91952BA12B21DC85006CF2A2 /* en */,
				91952BA52B21DD3F006CF2A2 /* de */,
			);
			name = Localizable.strings;
			sourceTree = "<group>";
		};
/* End PBXVariantGroup section */

/* Begin XCBuildConfiguration section */
		91952B7B2B2078D8006CF2A2 /* Debug */ = {
			isa = XCBuildConfiguration;
			buildSettings = {
				ALWAYS_SEARCH_USER_PATHS = NO;
				ASSETCATALOG_COMPILER_GENERATE_SWIFT_ASSET_SYMBOL_EXTENSIONS = YES;
				CLANG_ANALYZER_LOCALIZABILITY_NONLOCALIZED = YES;
				CLANG_ANALYZER_NONNULL = YES;
				CLANG_ANALYZER_NUMBER_OBJECT_CONVERSION = YES_AGGRESSIVE;
				CLANG_CXX_LANGUAGE_STANDARD = "gnu++20";
				CLANG_ENABLE_MODULES = YES;
				CLANG_ENABLE_OBJC_ARC = YES;
				CLANG_ENABLE_OBJC_WEAK = YES;
				CLANG_WARN_BLOCK_CAPTURE_AUTORELEASING = YES;
				CLANG_WARN_BOOL_CONVERSION = YES;
				CLANG_WARN_COMMA = YES;
				CLANG_WARN_CONSTANT_CONVERSION = YES;
				CLANG_WARN_DEPRECATED_OBJC_IMPLEMENTATIONS = YES;
				CLANG_WARN_DIRECT_OBJC_ISA_USAGE = YES_ERROR;
				CLANG_WARN_DOCUMENTATION_COMMENTS = YES;
				CLANG_WARN_EMPTY_BODY = YES;
				CLANG_WARN_ENUM_CONVERSION = YES;
				CLANG_WARN_INFINITE_RECURSION = YES;
				CLANG_WARN_INT_CONVERSION = YES;
				CLANG_WARN_NON_LITERAL_NULL_CONVERSION = YES;
				CLANG_WARN_OBJC_IMPLICIT_RETAIN_SELF = YES;
				CLANG_WARN_OBJC_LITERAL_CONVERSION = YES;
				CLANG_WARN_OBJC_ROOT_CLASS = YES_ERROR;
				CLANG_WARN_QUOTED_INCLUDE_IN_FRAMEWORK_HEADER = YES;
				CLANG_WARN_RANGE_LOOP_ANALYSIS = YES;
				CLANG_WARN_STRICT_PROTOTYPES = YES;
				CLANG_WARN_SUSPICIOUS_MOVE = YES;
				CLANG_WARN_UNGUARDED_AVAILABILITY = YES_AGGRESSIVE;
				CLANG_WARN_UNREACHABLE_CODE = YES;
				CLANG_WARN__DUPLICATE_METHOD_MATCH = YES;
				COPY_PHASE_STRIP = NO;
				DEBUG_INFORMATION_FORMAT = dwarf;
				ENABLE_STRICT_OBJC_MSGSEND = YES;
				ENABLE_TESTABILITY = YES;
				ENABLE_USER_SCRIPT_SANDBOXING = YES;
				GCC_C_LANGUAGE_STANDARD = gnu17;
				GCC_DYNAMIC_NO_PIC = NO;
				GCC_NO_COMMON_BLOCKS = YES;
				GCC_OPTIMIZATION_LEVEL = 0;
				GCC_PREPROCESSOR_DEFINITIONS = (
					"DEBUG=1",
					"$(inherited)",
				);
				GCC_WARN_64_TO_32_BIT_CONVERSION = YES;
				GCC_WARN_ABOUT_RETURN_TYPE = YES_ERROR;
				GCC_WARN_UNDECLARED_SELECTOR = YES;
				GCC_WARN_UNINITIALIZED_AUTOS = YES_AGGRESSIVE;
				GCC_WARN_UNUSED_FUNCTION = YES;
				GCC_WARN_UNUSED_VARIABLE = YES;
				IPHONEOS_DEPLOYMENT_TARGET = 17.0;
				LOCALIZATION_PREFERS_STRING_CATALOGS = YES;
				MTL_ENABLE_DEBUG_INFO = INCLUDE_SOURCE;
				MTL_FAST_MATH = YES;
				ONLY_ACTIVE_ARCH = YES;
				SDKROOT = iphoneos;
				SWIFT_ACTIVE_COMPILATION_CONDITIONS = "DEBUG $(inherited)";
				SWIFT_OPTIMIZATION_LEVEL = "-Onone";
			};
			name = Debug;
		};
		91952B7C2B2078D8006CF2A2 /* Release */ = {
			isa = XCBuildConfiguration;
			buildSettings = {
				ALWAYS_SEARCH_USER_PATHS = NO;
				ASSETCATALOG_COMPILER_GENERATE_SWIFT_ASSET_SYMBOL_EXTENSIONS = YES;
				CLANG_ANALYZER_LOCALIZABILITY_NONLOCALIZED = YES;
				CLANG_ANALYZER_NONNULL = YES;
				CLANG_ANALYZER_NUMBER_OBJECT_CONVERSION = YES_AGGRESSIVE;
				CLANG_CXX_LANGUAGE_STANDARD = "gnu++20";
				CLANG_ENABLE_MODULES = YES;
				CLANG_ENABLE_OBJC_ARC = YES;
				CLANG_ENABLE_OBJC_WEAK = YES;
				CLANG_WARN_BLOCK_CAPTURE_AUTORELEASING = YES;
				CLANG_WARN_BOOL_CONVERSION = YES;
				CLANG_WARN_COMMA = YES;
				CLANG_WARN_CONSTANT_CONVERSION = YES;
				CLANG_WARN_DEPRECATED_OBJC_IMPLEMENTATIONS = YES;
				CLANG_WARN_DIRECT_OBJC_ISA_USAGE = YES_ERROR;
				CLANG_WARN_DOCUMENTATION_COMMENTS = YES;
				CLANG_WARN_EMPTY_BODY = YES;
				CLANG_WARN_ENUM_CONVERSION = YES;
				CLANG_WARN_INFINITE_RECURSION = YES;
				CLANG_WARN_INT_CONVERSION = YES;
				CLANG_WARN_NON_LITERAL_NULL_CONVERSION = YES;
				CLANG_WARN_OBJC_IMPLICIT_RETAIN_SELF = YES;
				CLANG_WARN_OBJC_LITERAL_CONVERSION = YES;
				CLANG_WARN_OBJC_ROOT_CLASS = YES_ERROR;
				CLANG_WARN_QUOTED_INCLUDE_IN_FRAMEWORK_HEADER = YES;
				CLANG_WARN_RANGE_LOOP_ANALYSIS = YES;
				CLANG_WARN_STRICT_PROTOTYPES = YES;
				CLANG_WARN_SUSPICIOUS_MOVE = YES;
				CLANG_WARN_UNGUARDED_AVAILABILITY = YES_AGGRESSIVE;
				CLANG_WARN_UNREACHABLE_CODE = YES;
				CLANG_WARN__DUPLICATE_METHOD_MATCH = YES;
				COPY_PHASE_STRIP = NO;
				DEBUG_INFORMATION_FORMAT = "dwarf-with-dsym";
				ENABLE_NS_ASSERTIONS = NO;
				ENABLE_STRICT_OBJC_MSGSEND = YES;
				ENABLE_USER_SCRIPT_SANDBOXING = YES;
				GCC_C_LANGUAGE_STANDARD = gnu17;
				GCC_NO_COMMON_BLOCKS = YES;
				GCC_WARN_64_TO_32_BIT_CONVERSION = YES;
				GCC_WARN_ABOUT_RETURN_TYPE = YES_ERROR;
				GCC_WARN_UNDECLARED_SELECTOR = YES;
				GCC_WARN_UNINITIALIZED_AUTOS = YES_AGGRESSIVE;
				GCC_WARN_UNUSED_FUNCTION = YES;
				GCC_WARN_UNUSED_VARIABLE = YES;
				IPHONEOS_DEPLOYMENT_TARGET = 17.0;
				LOCALIZATION_PREFERS_STRING_CATALOGS = YES;
				MTL_ENABLE_DEBUG_INFO = NO;
				MTL_FAST_MATH = YES;
				SDKROOT = iphoneos;
				SWIFT_COMPILATION_MODE = wholemodule;
				VALIDATE_PRODUCT = YES;
			};
			name = Release;
		};
		91952B7E2B2078D8006CF2A2 /* Debug */ = {
			isa = XCBuildConfiguration;
			buildSettings = {
				ASSETCATALOG_COMPILER_APPICON_NAME = AppIcon;
				ASSETCATALOG_COMPILER_GLOBAL_ACCENT_COLOR_NAME = AccentColor;
				CODE_SIGN_STYLE = Automatic;
				CURRENT_PROJECT_VERSION = 1;
				DEBUG_INFORMATION_FORMAT = "dwarf-with-dsym";
				DEVELOPMENT_ASSET_PATHS = "\"SaverFox/Preview Content\"";
				ENABLE_PREVIEWS = YES;
				ENABLE_USER_SCRIPT_SANDBOXING = NO;
				GENERATE_INFOPLIST_FILE = YES;
				INFOPLIST_KEY_UIApplicationSceneManifest_Generation = YES;
				INFOPLIST_KEY_UIApplicationSupportsIndirectInputEvents = YES;
				INFOPLIST_KEY_UILaunchScreen_Generation = YES;
				INFOPLIST_KEY_UISupportedInterfaceOrientations_iPad = "UIInterfaceOrientationPortrait UIInterfaceOrientationPortraitUpsideDown UIInterfaceOrientationLandscapeLeft UIInterfaceOrientationLandscapeRight";
				INFOPLIST_KEY_UISupportedInterfaceOrientations_iPhone = "UIInterfaceOrientationPortrait UIInterfaceOrientationLandscapeLeft UIInterfaceOrientationLandscapeRight";
				LD_RUNPATH_SEARCH_PATHS = (
					"$(inherited)",
					"@executable_path/Frameworks",
				);
				MARKETING_VERSION = 1.0;
				OTHER_LDFLAGS = "-Wl,-no_warn_duplicate_libraries";
				PRODUCT_BUNDLE_IDENTIFIER = com.syntax.SaverFox;
				PRODUCT_NAME = "$(TARGET_NAME)";
				SWIFT_EMIT_LOC_STRINGS = YES;
				SWIFT_VERSION = 5.0;
				TARGETED_DEVICE_FAMILY = "1,2";
			};
			name = Debug;
		};
		91952B7F2B2078D8006CF2A2 /* Release */ = {
			isa = XCBuildConfiguration;
			buildSettings = {
				ASSETCATALOG_COMPILER_APPICON_NAME = AppIcon;
				ASSETCATALOG_COMPILER_GLOBAL_ACCENT_COLOR_NAME = AccentColor;
				CODE_SIGN_STYLE = Automatic;
				CURRENT_PROJECT_VERSION = 1;
				DEBUG_INFORMATION_FORMAT = "dwarf-with-dsym";
				DEVELOPMENT_ASSET_PATHS = "\"SaverFox/Preview Content\"";
				ENABLE_PREVIEWS = YES;
				ENABLE_USER_SCRIPT_SANDBOXING = NO;
				GENERATE_INFOPLIST_FILE = YES;
				INFOPLIST_KEY_UIApplicationSceneManifest_Generation = YES;
				INFOPLIST_KEY_UIApplicationSupportsIndirectInputEvents = YES;
				INFOPLIST_KEY_UILaunchScreen_Generation = YES;
				INFOPLIST_KEY_UISupportedInterfaceOrientations_iPad = "UIInterfaceOrientationPortrait UIInterfaceOrientationPortraitUpsideDown UIInterfaceOrientationLandscapeLeft UIInterfaceOrientationLandscapeRight";
				INFOPLIST_KEY_UISupportedInterfaceOrientations_iPhone = "UIInterfaceOrientationPortrait UIInterfaceOrientationLandscapeLeft UIInterfaceOrientationLandscapeRight";
				LD_RUNPATH_SEARCH_PATHS = (
					"$(inherited)",
					"@executable_path/Frameworks",
				);
				MARKETING_VERSION = 1.0;
				OTHER_LDFLAGS = "-Wl,-no_warn_duplicate_libraries";
				PRODUCT_BUNDLE_IDENTIFIER = com.syntax.SaverFox;
				PRODUCT_NAME = "$(TARGET_NAME)";
				SWIFT_EMIT_LOC_STRINGS = YES;
				SWIFT_VERSION = 5.0;
				TARGETED_DEVICE_FAMILY = "1,2";
			};
			name = Release;
		};
/* End XCBuildConfiguration section */

/* Begin XCConfigurationList section */
		91952B6A2B2078D5006CF2A2 /* Build configuration list for PBXProject "SaverFox" */ = {
			isa = XCConfigurationList;
			buildConfigurations = (
				91952B7B2B2078D8006CF2A2 /* Debug */,
				91952B7C2B2078D8006CF2A2 /* Release */,
			);
			defaultConfigurationIsVisible = 0;
			defaultConfigurationName = Release;
		};
		91952B7D2B2078D8006CF2A2 /* Build configuration list for PBXNativeTarget "SaverFox" */ = {
			isa = XCConfigurationList;
			buildConfigurations = (
				91952B7E2B2078D8006CF2A2 /* Debug */,
				91952B7F2B2078D8006CF2A2 /* Release */,
			);
			defaultConfigurationIsVisible = 0;
			defaultConfigurationName = Release;
		};
/* End XCConfigurationList section */

/* Begin XCRemoteSwiftPackageReference section */
		91C2B1772B2C83CE004C1B53 /* XCRemoteSwiftPackageReference "firebase-ios-sdk" */ = {
			isa = XCRemoteSwiftPackageReference;
			repositoryURL = "https://github.com/firebase/firebase-ios-sdk.git";
			requirement = {
				kind = upToNextMajorVersion;
				minimumVersion = 10.19.1;
			};
		};
/* End XCRemoteSwiftPackageReference section */

/* Begin XCSwiftPackageProductDependency section */
		91C2B1782B2C83CE004C1B53 /* FirebaseAnalytics */ = {
			isa = XCSwiftPackageProductDependency;
			package = 91C2B1772B2C83CE004C1B53 /* XCRemoteSwiftPackageReference "firebase-ios-sdk" */;
			productName = FirebaseAnalytics;
		};
		91C2B17C2B2C83CE004C1B53 /* FirebaseAnalyticsSwift */ = {
			isa = XCSwiftPackageProductDependency;
			package = 91C2B1772B2C83CE004C1B53 /* XCRemoteSwiftPackageReference "firebase-ios-sdk" */;
			productName = FirebaseAnalyticsSwift;
		};
		91C2B1832B2C8402004C1B53 /* FirebaseFirestore */ = {
			isa = XCSwiftPackageProductDependency;
			package = 91C2B1772B2C83CE004C1B53 /* XCRemoteSwiftPackageReference "firebase-ios-sdk" */;
			productName = FirebaseFirestore;
		};
		91C2B1852B2C8408004C1B53 /* FirebaseFirestoreSwift */ = {
			isa = XCSwiftPackageProductDependency;
			package = 91C2B1772B2C83CE004C1B53 /* XCRemoteSwiftPackageReference "firebase-ios-sdk" */;
			productName = FirebaseFirestoreSwift;
		};
		91C2B1872B2C843A004C1B53 /* FirebaseStorage */ = {
			isa = XCSwiftPackageProductDependency;
			package = 91C2B1772B2C83CE004C1B53 /* XCRemoteSwiftPackageReference "firebase-ios-sdk" */;
			productName = FirebaseStorage;
		};
/* End XCSwiftPackageProductDependency section */
	};
	rootObject = 91952B672B2078D5006CF2A2 /* Project object */;
}
